// !$*UTF8*$!
{
	archiveVersion = 1;
	classes = {
	};
	objectVersion = 48;
	objects = {

/* Begin PBXBuildFile section */
		0E7CBC131EED67D5F39CE39B /* Pods_MeetShoppersTests.framework in Frameworks */ = {isa = PBXBuildFile; fileRef = A488A0B616BE69BB4B88FAE1 /* Pods_MeetShoppersTests.framework */; };
		2F76F91618CC44167057F8DD /* Pods_MeetShoppersUITests.framework in Frameworks */ = {isa = PBXBuildFile; fileRef = CFCED5EA4BCDE33AF8F5FF1B /* Pods_MeetShoppersUITests.framework */; };
		7B13FB08204906B80046D4D8 /* AppDelegate.swift in Sources */ = {isa = PBXBuildFile; fileRef = 7B13FB07204906B80046D4D8 /* AppDelegate.swift */; };
		7B13FB0D204906B80046D4D8 /* Main.storyboard in Resources */ = {isa = PBXBuildFile; fileRef = 7B13FB0B204906B80046D4D8 /* Main.storyboard */; };
		7B13FB0F204906B80046D4D8 /* Assets.xcassets in Resources */ = {isa = PBXBuildFile; fileRef = 7B13FB0E204906B80046D4D8 /* Assets.xcassets */; };
		7B13FB12204906B80046D4D8 /* LaunchScreen.storyboard in Resources */ = {isa = PBXBuildFile; fileRef = 7B13FB10204906B80046D4D8 /* LaunchScreen.storyboard */; };
		7B13FB1D204906B80046D4D8 /* MeetShoppersTests.swift in Sources */ = {isa = PBXBuildFile; fileRef = 7B13FB1C204906B80046D4D8 /* MeetShoppersTests.swift */; };
		7B13FB28204906B80046D4D8 /* MeetShoppersUITests.swift in Sources */ = {isa = PBXBuildFile; fileRef = 7B13FB27204906B80046D4D8 /* MeetShoppersUITests.swift */; };
		7B4F0B67209D4C1400948CDE /* MapPopUpViewController.swift in Sources */ = {isa = PBXBuildFile; fileRef = 7B4F0B66209D4C1400948CDE /* MapPopUpViewController.swift */; };
		7B4F8AAD20829B2E007B91EC /* StoreDetailViewController.swift in Sources */ = {isa = PBXBuildFile; fileRef = 7B4F8AAC20829B2E007B91EC /* StoreDetailViewController.swift */; };
		7B4F8AAF20829DA7007B91EC /* MessageCell.swift in Sources */ = {isa = PBXBuildFile; fileRef = 7B4F8AAE20829DA7007B91EC /* MessageCell.swift */; };
		7B4F8AB32082B1FC007B91EC /* ObjPopUpViewController.swift in Sources */ = {isa = PBXBuildFile; fileRef = 7B4F8AB22082B1FC007B91EC /* ObjPopUpViewController.swift */; };
		7B4F8AB52082B98F007B91EC /* ToDoViewController.swift in Sources */ = {isa = PBXBuildFile; fileRef = 7B4F8AB42082B98F007B91EC /* ToDoViewController.swift */; };
		7B5008A62098081B00A23F14 /* ToDoTableViewCell.swift in Sources */ = {isa = PBXBuildFile; fileRef = 7B5008A52098081B00A23F14 /* ToDoTableViewCell.swift */; };
		7BE839F320A13FD8007E3659 /* BEMAnimationManager.m in Sources */ = {isa = PBXBuildFile; fileRef = 7BE839EC20A13FD7007E3659 /* BEMAnimationManager.m */; };
		7BE839F420A13FD8007E3659 /* BEMCheckBox.m in Sources */ = {isa = PBXBuildFile; fileRef = 7BE839EE20A13FD7007E3659 /* BEMCheckBox.m */; };
		7BE839F520A13FD8007E3659 /* BEMCheckBoxGroup.m in Sources */ = {isa = PBXBuildFile; fileRef = 7BE839F020A13FD7007E3659 /* BEMCheckBoxGroup.m */; };
		7BE839F620A13FD8007E3659 /* BEMPathManager.m in Sources */ = {isa = PBXBuildFile; fileRef = 7BE839F220A13FD7007E3659 /* BEMPathManager.m */; };
		BF1878DF207FFB0E00D97F9B /* YelpAPIClient.swift in Sources */ = {isa = PBXBuildFile; fileRef = BF1878DE207FFB0E00D97F9B /* YelpAPIClient.swift */; };
		BF1878E72081298700D97F9B /* MainViewController.swift in Sources */ = {isa = PBXBuildFile; fileRef = BF1878E62081298700D97F9B /* MainViewController.swift */; };
		BF1879092082725D00D97F9B /* YelpAPIRouter.swift in Sources */ = {isa = PBXBuildFile; fileRef = BF1879082082725D00D97F9B /* YelpAPIRouter.swift */; };
		BF18790D20829B8C00D97F9B /* Business.swift in Sources */ = {isa = PBXBuildFile; fileRef = BF18790C20829B8C00D97F9B /* Business.swift */; };
		BF28F37A2096366C0063EEBD /* BusinessComment.swift in Sources */ = {isa = PBXBuildFile; fileRef = BF28F3792096366C0063EEBD /* BusinessComment.swift */; };
		BF2EBB35208ED85F00592D72 /* Message.swift in Sources */ = {isa = PBXBuildFile; fileRef = BF2EBB34208ED85F00592D72 /* Message.swift */; };
		BF56E9D12077BDA000D89184 /* WelcomeViewController.swift in Sources */ = {isa = PBXBuildFile; fileRef = BF56E9D02077BDA000D89184 /* WelcomeViewController.swift */; };
		BF56E9D32077CAF600D89184 /* SigninViewController.swift in Sources */ = {isa = PBXBuildFile; fileRef = BF56E9D22077CAF600D89184 /* SigninViewController.swift */; };
		BF56E9D52077CB0300D89184 /* SignupViewController.swift in Sources */ = {isa = PBXBuildFile; fileRef = BF56E9D42077CB0300D89184 /* SignupViewController.swift */; };
		BF56E9D92077DEB800D89184 /* UIExtension.swift in Sources */ = {isa = PBXBuildFile; fileRef = BF56E9D82077DEB800D89184 /* UIExtension.swift */; };
		BF56E9DB2077E3B200D89184 /* BottomBorderedTextField.swift in Sources */ = {isa = PBXBuildFile; fileRef = BF56E9DA2077E3B200D89184 /* BottomBorderedTextField.swift */; };
		BF674F4E2085A37A0083AD0C /* BusinessCell.swift in Sources */ = {isa = PBXBuildFile; fileRef = BF18790E2082AC9000D97F9B /* BusinessCell.swift */; };
		BF674F502085C43E0083AD0C /* LongLabel.swift in Sources */ = {isa = PBXBuildFile; fileRef = BF674F4F2085C43E0083AD0C /* LongLabel.swift */; };
		BF7C56C220939AEB0040164B /* ChatMessageCell.swift in Sources */ = {isa = PBXBuildFile; fileRef = BF7C56C120939AEB0040164B /* ChatMessageCell.swift */; };
		BFDB79442092DCF800C019B2 /* UsernameViewController.swift in Sources */ = {isa = PBXBuildFile; fileRef = BFDB79432092DCF800C019B2 /* UsernameViewController.swift */; };
		BFF12FD9208D559900A05269 /* MapViewController.swift in Sources */ = {isa = PBXBuildFile; fileRef = BFF12FD8208D559900A05269 /* MapViewController.swift */; };
		BFF12FDB208E92AB00A05269 /* ChatLogViewController.swift in Sources */ = {isa = PBXBuildFile; fileRef = BFF12FDA208E92AA00A05269 /* ChatLogViewController.swift */; };
		BFF402E1208AA17C00E6D9B5 /* OptionCell.swift in Sources */ = {isa = PBXBuildFile; fileRef = BFF402E0208AA17C00E6D9B5 /* OptionCell.swift */; };
		BFF402E3208AB58C00E6D9B5 /* ProfileCell.swift in Sources */ = {isa = PBXBuildFile; fileRef = BFF402E2208AB58C00E6D9B5 /* ProfileCell.swift */; };
		C70AE8CE96DC3AB84CEB0708 /* Pods_MeetShoppers.framework in Frameworks */ = {isa = PBXBuildFile; fileRef = 7612ADC570680EE0AF03A9E5 /* Pods_MeetShoppers.framework */; };
		F3258F662093C9800002ED75 /* CameraViewController.swift in Sources */ = {isa = PBXBuildFile; fileRef = F3258F652093C9800002ED75 /* CameraViewController.swift */; };
		F3D7B6A120829984009F6F21 /* GoogleService-Info.plist in Resources */ = {isa = PBXBuildFile; fileRef = F3D7B6A020829984009F6F21 /* GoogleService-Info.plist */; };
		F3D7B6A320829D36009F6F21 /* MenuViewController.swift in Sources */ = {isa = PBXBuildFile; fileRef = F3D7B6A220829D36009F6F21 /* MenuViewController.swift */; };
/* End PBXBuildFile section */

/* Begin PBXContainerItemProxy section */
		7B13FB19204906B80046D4D8 /* PBXContainerItemProxy */ = {
			isa = PBXContainerItemProxy;
			containerPortal = 7B13FAFC204906B80046D4D8 /* Project object */;
			proxyType = 1;
			remoteGlobalIDString = 7B13FB03204906B80046D4D8;
			remoteInfo = MeetShoppers;
		};
		7B13FB24204906B80046D4D8 /* PBXContainerItemProxy */ = {
			isa = PBXContainerItemProxy;
			containerPortal = 7B13FAFC204906B80046D4D8 /* Project object */;
			proxyType = 1;
			remoteGlobalIDString = 7B13FB03204906B80046D4D8;
			remoteInfo = MeetShoppers;
		};
/* End PBXContainerItemProxy section */

/* Begin PBXFileReference section */
		4BCD68FB538D4BC0466FF9BC /* Pods-MeetShoppersUITests.debug.xcconfig */ = {isa = PBXFileReference; includeInIndex = 1; lastKnownFileType = text.xcconfig; name = "Pods-MeetShoppersUITests.debug.xcconfig"; path = "Pods/Target Support Files/Pods-MeetShoppersUITests/Pods-MeetShoppersUITests.debug.xcconfig"; sourceTree = "<group>"; };
		63960FBD96EACB4FDD07FE0E /* Pods-MeetShoppersTests.release.xcconfig */ = {isa = PBXFileReference; includeInIndex = 1; lastKnownFileType = text.xcconfig; name = "Pods-MeetShoppersTests.release.xcconfig"; path = "Pods/Target Support Files/Pods-MeetShoppersTests/Pods-MeetShoppersTests.release.xcconfig"; sourceTree = "<group>"; };
		70CB7C23D68D3F3613DB04A2 /* Pods-MeetShoppersUITests.release.xcconfig */ = {isa = PBXFileReference; includeInIndex = 1; lastKnownFileType = text.xcconfig; name = "Pods-MeetShoppersUITests.release.xcconfig"; path = "Pods/Target Support Files/Pods-MeetShoppersUITests/Pods-MeetShoppersUITests.release.xcconfig"; sourceTree = "<group>"; };
		7612ADC570680EE0AF03A9E5 /* Pods_MeetShoppers.framework */ = {isa = PBXFileReference; explicitFileType = wrapper.framework; includeInIndex = 0; path = Pods_MeetShoppers.framework; sourceTree = BUILT_PRODUCTS_DIR; };
		7B13FB04204906B80046D4D8 /* MeetShoppers.app */ = {isa = PBXFileReference; explicitFileType = wrapper.application; includeInIndex = 0; path = MeetShoppers.app; sourceTree = BUILT_PRODUCTS_DIR; };
		7B13FB07204906B80046D4D8 /* AppDelegate.swift */ = {isa = PBXFileReference; lastKnownFileType = sourcecode.swift; path = AppDelegate.swift; sourceTree = "<group>"; };
		7B13FB0C204906B80046D4D8 /* Base */ = {isa = PBXFileReference; lastKnownFileType = file.storyboard; name = Base; path = Base.lproj/Main.storyboard; sourceTree = "<group>"; };
		7B13FB0E204906B80046D4D8 /* Assets.xcassets */ = {isa = PBXFileReference; lastKnownFileType = folder.assetcatalog; path = Assets.xcassets; sourceTree = "<group>"; };
		7B13FB11204906B80046D4D8 /* Base */ = {isa = PBXFileReference; lastKnownFileType = file.storyboard; name = Base; path = Base.lproj/LaunchScreen.storyboard; sourceTree = "<group>"; };
		7B13FB13204906B80046D4D8 /* Info.plist */ = {isa = PBXFileReference; lastKnownFileType = text.plist.xml; path = Info.plist; sourceTree = "<group>"; };
		7B13FB18204906B80046D4D8 /* MeetShoppersTests.xctest */ = {isa = PBXFileReference; explicitFileType = wrapper.cfbundle; includeInIndex = 0; path = MeetShoppersTests.xctest; sourceTree = BUILT_PRODUCTS_DIR; };
		7B13FB1C204906B80046D4D8 /* MeetShoppersTests.swift */ = {isa = PBXFileReference; lastKnownFileType = sourcecode.swift; path = MeetShoppersTests.swift; sourceTree = "<group>"; };
		7B13FB1E204906B80046D4D8 /* Info.plist */ = {isa = PBXFileReference; lastKnownFileType = text.plist.xml; path = Info.plist; sourceTree = "<group>"; };
		7B13FB23204906B80046D4D8 /* MeetShoppersUITests.xctest */ = {isa = PBXFileReference; explicitFileType = wrapper.cfbundle; includeInIndex = 0; path = MeetShoppersUITests.xctest; sourceTree = BUILT_PRODUCTS_DIR; };
		7B13FB27204906B80046D4D8 /* MeetShoppersUITests.swift */ = {isa = PBXFileReference; lastKnownFileType = sourcecode.swift; path = MeetShoppersUITests.swift; sourceTree = "<group>"; };
		7B13FB29204906B80046D4D8 /* Info.plist */ = {isa = PBXFileReference; lastKnownFileType = text.plist.xml; path = Info.plist; sourceTree = "<group>"; };
		7B4F0B66209D4C1400948CDE /* MapPopUpViewController.swift */ = {isa = PBXFileReference; lastKnownFileType = sourcecode.swift; path = MapPopUpViewController.swift; sourceTree = "<group>"; };
		7B4F0B76209ED23000948CDE /* CheckMarkHeader.h */ = {isa = PBXFileReference; lastKnownFileType = sourcecode.c.h; path = CheckMarkHeader.h; sourceTree = "<group>"; };
		7B4F8AAC20829B2E007B91EC /* StoreDetailViewController.swift */ = {isa = PBXFileReference; lastKnownFileType = sourcecode.swift; path = StoreDetailViewController.swift; sourceTree = "<group>"; };
		7B4F8AAE20829DA7007B91EC /* MessageCell.swift */ = {isa = PBXFileReference; lastKnownFileType = sourcecode.swift; path = MessageCell.swift; sourceTree = "<group>"; };
		7B4F8AB22082B1FC007B91EC /* ObjPopUpViewController.swift */ = {isa = PBXFileReference; lastKnownFileType = sourcecode.swift; path = ObjPopUpViewController.swift; sourceTree = "<group>"; };
		7B4F8AB42082B98F007B91EC /* ToDoViewController.swift */ = {isa = PBXFileReference; lastKnownFileType = sourcecode.swift; path = ToDoViewController.swift; sourceTree = "<group>"; };
		7B5008A52098081B00A23F14 /* ToDoTableViewCell.swift */ = {isa = PBXFileReference; lastKnownFileType = sourcecode.swift; path = ToDoTableViewCell.swift; sourceTree = "<group>"; };
		7BE839EB20A13FD7007E3659 /* BEMAnimationManager.h */ = {isa = PBXFileReference; fileEncoding = 4; lastKnownFileType = sourcecode.c.h; path = BEMAnimationManager.h; sourceTree = "<group>"; };
		7BE839EC20A13FD7007E3659 /* BEMAnimationManager.m */ = {isa = PBXFileReference; fileEncoding = 4; lastKnownFileType = sourcecode.c.objc; path = BEMAnimationManager.m; sourceTree = "<group>"; };
		7BE839ED20A13FD7007E3659 /* BEMCheckBox.h */ = {isa = PBXFileReference; fileEncoding = 4; lastKnownFileType = sourcecode.c.h; path = BEMCheckBox.h; sourceTree = "<group>"; };
		7BE839EE20A13FD7007E3659 /* BEMCheckBox.m */ = {isa = PBXFileReference; fileEncoding = 4; lastKnownFileType = sourcecode.c.objc; path = BEMCheckBox.m; sourceTree = "<group>"; };
		7BE839EF20A13FD7007E3659 /* BEMCheckBoxGroup.h */ = {isa = PBXFileReference; fileEncoding = 4; lastKnownFileType = sourcecode.c.h; path = BEMCheckBoxGroup.h; sourceTree = "<group>"; };
		7BE839F020A13FD7007E3659 /* BEMCheckBoxGroup.m */ = {isa = PBXFileReference; fileEncoding = 4; lastKnownFileType = sourcecode.c.objc; path = BEMCheckBoxGroup.m; sourceTree = "<group>"; };
		7BE839F120A13FD7007E3659 /* BEMPathManager.h */ = {isa = PBXFileReference; fileEncoding = 4; lastKnownFileType = sourcecode.c.h; path = BEMPathManager.h; sourceTree = "<group>"; };
		7BE839F220A13FD7007E3659 /* BEMPathManager.m */ = {isa = PBXFileReference; fileEncoding = 4; lastKnownFileType = sourcecode.c.objc; path = BEMPathManager.m; sourceTree = "<group>"; };
		7CDF15091F0006D86C2F68A0 /* Pods-MeetShoppers.debug.xcconfig */ = {isa = PBXFileReference; includeInIndex = 1; lastKnownFileType = text.xcconfig; name = "Pods-MeetShoppers.debug.xcconfig"; path = "Pods/Target Support Files/Pods-MeetShoppers/Pods-MeetShoppers.debug.xcconfig"; sourceTree = "<group>"; };
		A488A0B616BE69BB4B88FAE1 /* Pods_MeetShoppersTests.framework */ = {isa = PBXFileReference; explicitFileType = wrapper.framework; includeInIndex = 0; path = Pods_MeetShoppersTests.framework; sourceTree = BUILT_PRODUCTS_DIR; };
		BF1878DE207FFB0E00D97F9B /* YelpAPIClient.swift */ = {isa = PBXFileReference; lastKnownFileType = sourcecode.swift; path = YelpAPIClient.swift; sourceTree = "<group>"; };
		BF1878E62081298700D97F9B /* MainViewController.swift */ = {isa = PBXFileReference; lastKnownFileType = sourcecode.swift; path = MainViewController.swift; sourceTree = "<group>"; };
		BF1879082082725D00D97F9B /* YelpAPIRouter.swift */ = {isa = PBXFileReference; lastKnownFileType = sourcecode.swift; path = YelpAPIRouter.swift; sourceTree = "<group>"; };
		BF18790C20829B8C00D97F9B /* Business.swift */ = {isa = PBXFileReference; lastKnownFileType = sourcecode.swift; path = Business.swift; sourceTree = "<group>"; };
		BF18790E2082AC9000D97F9B /* BusinessCell.swift */ = {isa = PBXFileReference; lastKnownFileType = sourcecode.swift; path = BusinessCell.swift; sourceTree = "<group>"; };
		BF28F3792096366C0063EEBD /* BusinessComment.swift */ = {isa = PBXFileReference; lastKnownFileType = sourcecode.swift; path = BusinessComment.swift; sourceTree = "<group>"; };
		BF2EBB34208ED85F00592D72 /* Message.swift */ = {isa = PBXFileReference; lastKnownFileType = sourcecode.swift; path = Message.swift; sourceTree = "<group>"; };
		BF56E9D02077BDA000D89184 /* WelcomeViewController.swift */ = {isa = PBXFileReference; lastKnownFileType = sourcecode.swift; path = WelcomeViewController.swift; sourceTree = "<group>"; };
		BF56E9D22077CAF600D89184 /* SigninViewController.swift */ = {isa = PBXFileReference; lastKnownFileType = sourcecode.swift; path = SigninViewController.swift; sourceTree = "<group>"; };
		BF56E9D42077CB0300D89184 /* SignupViewController.swift */ = {isa = PBXFileReference; lastKnownFileType = sourcecode.swift; path = SignupViewController.swift; sourceTree = "<group>"; };
		BF56E9D82077DEB800D89184 /* UIExtension.swift */ = {isa = PBXFileReference; lastKnownFileType = sourcecode.swift; path = UIExtension.swift; sourceTree = "<group>"; };
		BF56E9DA2077E3B200D89184 /* BottomBorderedTextField.swift */ = {isa = PBXFileReference; lastKnownFileType = sourcecode.swift; path = BottomBorderedTextField.swift; sourceTree = "<group>"; };
		BF674F4F2085C43E0083AD0C /* LongLabel.swift */ = {isa = PBXFileReference; lastKnownFileType = sourcecode.swift; path = LongLabel.swift; sourceTree = "<group>"; };
		BF7C56C120939AEB0040164B /* ChatMessageCell.swift */ = {isa = PBXFileReference; lastKnownFileType = sourcecode.swift; path = ChatMessageCell.swift; sourceTree = "<group>"; };
		BFDB79432092DCF800C019B2 /* UsernameViewController.swift */ = {isa = PBXFileReference; lastKnownFileType = sourcecode.swift; path = UsernameViewController.swift; sourceTree = "<group>"; };
		BFF12FD8208D559900A05269 /* MapViewController.swift */ = {isa = PBXFileReference; lastKnownFileType = sourcecode.swift; path = MapViewController.swift; sourceTree = "<group>"; };
		BFF12FDA208E92AA00A05269 /* ChatLogViewController.swift */ = {isa = PBXFileReference; lastKnownFileType = sourcecode.swift; path = ChatLogViewController.swift; sourceTree = "<group>"; };
		BFF402E0208AA17C00E6D9B5 /* OptionCell.swift */ = {isa = PBXFileReference; lastKnownFileType = sourcecode.swift; path = OptionCell.swift; sourceTree = "<group>"; };
		BFF402E2208AB58C00E6D9B5 /* ProfileCell.swift */ = {isa = PBXFileReference; lastKnownFileType = sourcecode.swift; path = ProfileCell.swift; sourceTree = "<group>"; };
		CECE193B5CAB097E9E615006 /* Pods-MeetShoppersTests.debug.xcconfig */ = {isa = PBXFileReference; includeInIndex = 1; lastKnownFileType = text.xcconfig; name = "Pods-MeetShoppersTests.debug.xcconfig"; path = "Pods/Target Support Files/Pods-MeetShoppersTests/Pods-MeetShoppersTests.debug.xcconfig"; sourceTree = "<group>"; };
		CFCED5EA4BCDE33AF8F5FF1B /* Pods_MeetShoppersUITests.framework */ = {isa = PBXFileReference; explicitFileType = wrapper.framework; includeInIndex = 0; path = Pods_MeetShoppersUITests.framework; sourceTree = BUILT_PRODUCTS_DIR; };
		D3154FDBCE430EF545FDFE22 /* Pods-MeetShoppers.release.xcconfig */ = {isa = PBXFileReference; includeInIndex = 1; lastKnownFileType = text.xcconfig; name = "Pods-MeetShoppers.release.xcconfig"; path = "Pods/Target Support Files/Pods-MeetShoppers/Pods-MeetShoppers.release.xcconfig"; sourceTree = "<group>"; };
		F3258F652093C9800002ED75 /* CameraViewController.swift */ = {isa = PBXFileReference; lastKnownFileType = sourcecode.swift; path = CameraViewController.swift; sourceTree = "<group>"; };
		F3D7B6A020829984009F6F21 /* GoogleService-Info.plist */ = {isa = PBXFileReference; fileEncoding = 4; lastKnownFileType = text.plist.xml; path = "GoogleService-Info.plist"; sourceTree = "<group>"; };
		F3D7B6A220829D36009F6F21 /* MenuViewController.swift */ = {isa = PBXFileReference; lastKnownFileType = sourcecode.swift; path = MenuViewController.swift; sourceTree = "<group>"; };
/* End PBXFileReference section */

/* Begin PBXFrameworksBuildPhase section */
		7B13FB01204906B80046D4D8 /* Frameworks */ = {
			isa = PBXFrameworksBuildPhase;
			buildActionMask = 2147483647;
			files = (
				C70AE8CE96DC3AB84CEB0708 /* Pods_MeetShoppers.framework in Frameworks */,
			);
			runOnlyForDeploymentPostprocessing = 0;
		};
		7B13FB15204906B80046D4D8 /* Frameworks */ = {
			isa = PBXFrameworksBuildPhase;
			buildActionMask = 2147483647;
			files = (
				0E7CBC131EED67D5F39CE39B /* Pods_MeetShoppersTests.framework in Frameworks */,
			);
			runOnlyForDeploymentPostprocessing = 0;
		};
		7B13FB20204906B80046D4D8 /* Frameworks */ = {
			isa = PBXFrameworksBuildPhase;
			buildActionMask = 2147483647;
			files = (
				2F76F91618CC44167057F8DD /* Pods_MeetShoppersUITests.framework in Frameworks */,
			);
			runOnlyForDeploymentPostprocessing = 0;
		};
/* End PBXFrameworksBuildPhase section */

/* Begin PBXGroup section */
		7B13FAFB204906B80046D4D8 = {
			isa = PBXGroup;
			children = (
				7B13FB06204906B80046D4D8 /* MeetShoppers */,
				7B13FB1B204906B80046D4D8 /* MeetShoppersTests */,
				7B13FB26204906B80046D4D8 /* MeetShoppersUITests */,
				7B13FB05204906B80046D4D8 /* Products */,
				83E7111076E2901E4A5B3C5C /* Pods */,
				AA9B1C0A9B892E78FC7867ED /* Frameworks */,
			);
			sourceTree = "<group>";
		};
		7B13FB05204906B80046D4D8 /* Products */ = {
			isa = PBXGroup;
			children = (
				7B13FB04204906B80046D4D8 /* MeetShoppers.app */,
				7B13FB18204906B80046D4D8 /* MeetShoppersTests.xctest */,
				7B13FB23204906B80046D4D8 /* MeetShoppersUITests.xctest */,
			);
			name = Products;
			sourceTree = "<group>";
		};
		7B13FB06204906B80046D4D8 /* MeetShoppers */ = {
			isa = PBXGroup;
			children = (
				7BE839EA20A13FD7007E3659 /* Classes */,
				BF56E9CF2077BD0100D89184 /* Model */,
				BF56E9CE2077BCFB00D89184 /* View */,
				BF56E9CD2077BCD100D89184 /* Controller */,
				7B13FB07204906B80046D4D8 /* AppDelegate.swift */,
				7B13FB0B204906B80046D4D8 /* Main.storyboard */,
				7B4F0B76209ED23000948CDE /* CheckMarkHeader.h */,
				F3D7B6A020829984009F6F21 /* GoogleService-Info.plist */,
				7B13FB0E204906B80046D4D8 /* Assets.xcassets */,
				7B13FB10204906B80046D4D8 /* LaunchScreen.storyboard */,
				7B13FB13204906B80046D4D8 /* Info.plist */,
			);
			path = MeetShoppers;
			sourceTree = "<group>";
		};
		7B13FB1B204906B80046D4D8 /* MeetShoppersTests */ = {
			isa = PBXGroup;
			children = (
				7B13FB1C204906B80046D4D8 /* MeetShoppersTests.swift */,
				7B13FB1E204906B80046D4D8 /* Info.plist */,
			);
			path = MeetShoppersTests;
			sourceTree = "<group>";
		};
		7B13FB26204906B80046D4D8 /* MeetShoppersUITests */ = {
			isa = PBXGroup;
			children = (
				7B13FB27204906B80046D4D8 /* MeetShoppersUITests.swift */,
				7B13FB29204906B80046D4D8 /* Info.plist */,
			);
			path = MeetShoppersUITests;
			sourceTree = "<group>";
		};
		7BE839EA20A13FD7007E3659 /* Classes */ = {
			isa = PBXGroup;
			children = (
				7BE839EB20A13FD7007E3659 /* BEMAnimationManager.h */,
				7BE839EC20A13FD7007E3659 /* BEMAnimationManager.m */,
				7BE839ED20A13FD7007E3659 /* BEMCheckBox.h */,
				7BE839EE20A13FD7007E3659 /* BEMCheckBox.m */,
				7BE839EF20A13FD7007E3659 /* BEMCheckBoxGroup.h */,
				7BE839F020A13FD7007E3659 /* BEMCheckBoxGroup.m */,
				7BE839F120A13FD7007E3659 /* BEMPathManager.h */,
				7BE839F220A13FD7007E3659 /* BEMPathManager.m */,
			);
			path = Classes;
			sourceTree = "<group>";
		};
		83E7111076E2901E4A5B3C5C /* Pods */ = {
			isa = PBXGroup;
			children = (
				7CDF15091F0006D86C2F68A0 /* Pods-MeetShoppers.debug.xcconfig */,
				D3154FDBCE430EF545FDFE22 /* Pods-MeetShoppers.release.xcconfig */,
				CECE193B5CAB097E9E615006 /* Pods-MeetShoppersTests.debug.xcconfig */,
				63960FBD96EACB4FDD07FE0E /* Pods-MeetShoppersTests.release.xcconfig */,
				4BCD68FB538D4BC0466FF9BC /* Pods-MeetShoppersUITests.debug.xcconfig */,
				70CB7C23D68D3F3613DB04A2 /* Pods-MeetShoppersUITests.release.xcconfig */,
			);
			name = Pods;
			sourceTree = "<group>";
		};
		AA9B1C0A9B892E78FC7867ED /* Frameworks */ = {
			isa = PBXGroup;
			children = (
				7612ADC570680EE0AF03A9E5 /* Pods_MeetShoppers.framework */,
				A488A0B616BE69BB4B88FAE1 /* Pods_MeetShoppersTests.framework */,
				CFCED5EA4BCDE33AF8F5FF1B /* Pods_MeetShoppersUITests.framework */,
			);
			name = Frameworks;
			sourceTree = "<group>";
		};
		BF56E9CD2077BCD100D89184 /* Controller */ = {
			isa = PBXGroup;
			children = (
				BF56E9D02077BDA000D89184 /* WelcomeViewController.swift */,
				BF56E9D22077CAF600D89184 /* SigninViewController.swift */,
				7B4F8AB22082B1FC007B91EC /* ObjPopUpViewController.swift */,
				BF56E9D42077CB0300D89184 /* SignupViewController.swift */,
				BF1878E62081298700D97F9B /* MainViewController.swift */,
				F3258F652093C9800002ED75 /* CameraViewController.swift */,
				7B4F8AAC20829B2E007B91EC /* StoreDetailViewController.swift */,
				7B4F8AB42082B98F007B91EC /* ToDoViewController.swift */,
				F3D7B6A220829D36009F6F21 /* MenuViewController.swift */,
				BFF12FD8208D559900A05269 /* MapViewController.swift */,
				BFF12FDA208E92AA00A05269 /* ChatLogViewController.swift */,
				BFDB79432092DCF800C019B2 /* UsernameViewController.swift */,
				7B4F0B66209D4C1400948CDE /* MapPopUpViewController.swift */,
			);
			path = Controller;
			sourceTree = "<group>";
		};
		BF56E9CE2077BCFB00D89184 /* View */ = {
			isa = PBXGroup;
			children = (
				7B4F8AAE20829DA7007B91EC /* MessageCell.swift */,
				BF56E9DA2077E3B200D89184 /* BottomBorderedTextField.swift */,
				BF18790E2082AC9000D97F9B /* BusinessCell.swift */,
				BF674F4F2085C43E0083AD0C /* LongLabel.swift */,
				BFF402E0208AA17C00E6D9B5 /* OptionCell.swift */,
				BFF402E2208AB58C00E6D9B5 /* ProfileCell.swift */,
				7B5008A52098081B00A23F14 /* ToDoTableViewCell.swift */,
				BF7C56C120939AEB0040164B /* ChatMessageCell.swift */,
			);
			path = View;
			sourceTree = "<group>";
		};
		BF56E9CF2077BD0100D89184 /* Model */ = {
			isa = PBXGroup;
			children = (
				BF56E9D82077DEB800D89184 /* UIExtension.swift */,
				BF1878DE207FFB0E00D97F9B /* YelpAPIClient.swift */,
				BF1879082082725D00D97F9B /* YelpAPIRouter.swift */,
				BF18790C20829B8C00D97F9B /* Business.swift */,
				BF2EBB34208ED85F00592D72 /* Message.swift */,
				BF28F3792096366C0063EEBD /* BusinessComment.swift */,
			);
			path = Model;
			sourceTree = "<group>";
		};
/* End PBXGroup section */

/* Begin PBXNativeTarget section */
		7B13FB03204906B80046D4D8 /* MeetShoppers */ = {
			isa = PBXNativeTarget;
			buildConfigurationList = 7B13FB2C204906B80046D4D8 /* Build configuration list for PBXNativeTarget "MeetShoppers" */;
			buildPhases = (
				7DEA65ADB1A3AE598CDEF29F /* [CP] Check Pods Manifest.lock */,
				7B13FB00204906B80046D4D8 /* Sources */,
				7B13FB01204906B80046D4D8 /* Frameworks */,
				7B13FB02204906B80046D4D8 /* Resources */,
				243697CDC57EBC38BD6A0A2B /* [CP] Embed Pods Frameworks */,
				89A9C3FC2FDB38A787CC6596 /* [CP] Copy Pods Resources */,
			);
			buildRules = (
			);
			dependencies = (
			);
			name = MeetShoppers;
			productName = MeetShoppers;
			productReference = 7B13FB04204906B80046D4D8 /* MeetShoppers.app */;
			productType = "com.apple.product-type.application";
		};
		7B13FB17204906B80046D4D8 /* MeetShoppersTests */ = {
			isa = PBXNativeTarget;
			buildConfigurationList = 7B13FB2F204906B80046D4D8 /* Build configuration list for PBXNativeTarget "MeetShoppersTests" */;
			buildPhases = (
				92A8CAF7BC221A66073453A4 /* [CP] Check Pods Manifest.lock */,
				7B13FB14204906B80046D4D8 /* Sources */,
				7B13FB15204906B80046D4D8 /* Frameworks */,
				7B13FB16204906B80046D4D8 /* Resources */,
				0B62F4423850E25BBC18C97D /* [CP] Embed Pods Frameworks */,
				4AD3469ABE8BBB6F17D868D1 /* [CP] Copy Pods Resources */,
			);
			buildRules = (
			);
			dependencies = (
				7B13FB1A204906B80046D4D8 /* PBXTargetDependency */,
			);
			name = MeetShoppersTests;
			productName = MeetShoppersTests;
			productReference = 7B13FB18204906B80046D4D8 /* MeetShoppersTests.xctest */;
			productType = "com.apple.product-type.bundle.unit-test";
		};
		7B13FB22204906B80046D4D8 /* MeetShoppersUITests */ = {
			isa = PBXNativeTarget;
			buildConfigurationList = 7B13FB32204906B80046D4D8 /* Build configuration list for PBXNativeTarget "MeetShoppersUITests" */;
			buildPhases = (
				740F83C4A52489E313D351DA /* [CP] Check Pods Manifest.lock */,
				7B13FB1F204906B80046D4D8 /* Sources */,
				7B13FB20204906B80046D4D8 /* Frameworks */,
				7B13FB21204906B80046D4D8 /* Resources */,
				07EC0A18C33F5BD7085280DE /* [CP] Embed Pods Frameworks */,
				6E0F7D5FA883EBC7E4BBE332 /* [CP] Copy Pods Resources */,
			);
			buildRules = (
			);
			dependencies = (
				7B13FB25204906B80046D4D8 /* PBXTargetDependency */,
			);
			name = MeetShoppersUITests;
			productName = MeetShoppersUITests;
			productReference = 7B13FB23204906B80046D4D8 /* MeetShoppersUITests.xctest */;
			productType = "com.apple.product-type.bundle.ui-testing";
		};
/* End PBXNativeTarget section */

/* Begin PBXProject section */
		7B13FAFC204906B80046D4D8 /* Project object */ = {
			isa = PBXProject;
			attributes = {
				LastSwiftUpdateCheck = 0920;
				LastUpgradeCheck = 0920;
				ORGANIZATIONNAME = KevinVuNguyen;
				TargetAttributes = {
					7B13FB03204906B80046D4D8 = {
						CreatedOnToolsVersion = 9.2;
						ProvisioningStyle = Automatic;
					};
					7B13FB17204906B80046D4D8 = {
						CreatedOnToolsVersion = 9.2;
						ProvisioningStyle = Automatic;
						TestTargetID = 7B13FB03204906B80046D4D8;
					};
					7B13FB22204906B80046D4D8 = {
						CreatedOnToolsVersion = 9.2;
						ProvisioningStyle = Automatic;
						TestTargetID = 7B13FB03204906B80046D4D8;
					};
				};
			};
			buildConfigurationList = 7B13FAFF204906B80046D4D8 /* Build configuration list for PBXProject "MeetShoppers" */;
			compatibilityVersion = "Xcode 8.0";
			developmentRegion = en;
			hasScannedForEncodings = 0;
			knownRegions = (
				en,
				Base,
			);
			mainGroup = 7B13FAFB204906B80046D4D8;
			productRefGroup = 7B13FB05204906B80046D4D8 /* Products */;
			projectDirPath = "";
			projectRoot = "";
			targets = (
				7B13FB03204906B80046D4D8 /* MeetShoppers */,
				7B13FB17204906B80046D4D8 /* MeetShoppersTests */,
				7B13FB22204906B80046D4D8 /* MeetShoppersUITests */,
			);
		};
/* End PBXProject section */

/* Begin PBXResourcesBuildPhase section */
		7B13FB02204906B80046D4D8 /* Resources */ = {
			isa = PBXResourcesBuildPhase;
			buildActionMask = 2147483647;
			files = (
				7B13FB12204906B80046D4D8 /* LaunchScreen.storyboard in Resources */,
				F3D7B6A120829984009F6F21 /* GoogleService-Info.plist in Resources */,
				7B13FB0F204906B80046D4D8 /* Assets.xcassets in Resources */,
				7B13FB0D204906B80046D4D8 /* Main.storyboard in Resources */,
			);
			runOnlyForDeploymentPostprocessing = 0;
		};
		7B13FB16204906B80046D4D8 /* Resources */ = {
			isa = PBXResourcesBuildPhase;
			buildActionMask = 2147483647;
			files = (
			);
			runOnlyForDeploymentPostprocessing = 0;
		};
		7B13FB21204906B80046D4D8 /* Resources */ = {
			isa = PBXResourcesBuildPhase;
			buildActionMask = 2147483647;
			files = (
			);
			runOnlyForDeploymentPostprocessing = 0;
		};
/* End PBXResourcesBuildPhase section */

/* Begin PBXShellScriptBuildPhase section */
		07EC0A18C33F5BD7085280DE /* [CP] Embed Pods Frameworks */ = {
			isa = PBXShellScriptBuildPhase;
			buildActionMask = 2147483647;
			files = (
			);
			inputPaths = (
			);
			name = "[CP] Embed Pods Frameworks";
			outputPaths = (
			);
			runOnlyForDeploymentPostprocessing = 0;
			shellPath = /bin/sh;
			shellScript = "\"${SRCROOT}/Pods/Target Support Files/Pods-MeetShoppersUITests/Pods-MeetShoppersUITests-frameworks.sh\"\n";
			showEnvVarsInLog = 0;
		};
		0B62F4423850E25BBC18C97D /* [CP] Embed Pods Frameworks */ = {
			isa = PBXShellScriptBuildPhase;
			buildActionMask = 2147483647;
			files = (
			);
			inputPaths = (
			);
			name = "[CP] Embed Pods Frameworks";
			outputPaths = (
			);
			runOnlyForDeploymentPostprocessing = 0;
			shellPath = /bin/sh;
			shellScript = "\"${SRCROOT}/Pods/Target Support Files/Pods-MeetShoppersTests/Pods-MeetShoppersTests-frameworks.sh\"\n";
			showEnvVarsInLog = 0;
		};
		243697CDC57EBC38BD6A0A2B /* [CP] Embed Pods Frameworks */ = {
			isa = PBXShellScriptBuildPhase;
			buildActionMask = 2147483647;
			files = (
			);
			inputPaths = (
				"${SRCROOT}/Pods/Target Support Files/Pods-MeetShoppers/Pods-MeetShoppers-frameworks.sh",
				"${BUILT_PRODUCTS_DIR}/Alamofire/Alamofire.framework",
				"${BUILT_PRODUCTS_DIR}/AlamofireImage/AlamofireImage.framework",
				"${BUILT_PRODUCTS_DIR}/AlamofireObjectMapper/AlamofireObjectMapper.framework",
				"${BUILT_PRODUCTS_DIR}/GTMSessionFetcher/GTMSessionFetcher.framework",
				"${BUILT_PRODUCTS_DIR}/GoogleToolboxForMac/GoogleToolboxForMac.framework",
				"${BUILT_PRODUCTS_DIR}/ObjectMapper/ObjectMapper.framework",
				"${BUILT_PRODUCTS_DIR}/SwiftyJSON/SwiftyJSON.framework",
				"${BUILT_PRODUCTS_DIR}/leveldb-library/leveldb.framework",
				"${BUILT_PRODUCTS_DIR}/nanopb/nanopb.framework",
			);
			name = "[CP] Embed Pods Frameworks";
			outputPaths = (
				"${TARGET_BUILD_DIR}/${FRAMEWORKS_FOLDER_PATH}/Alamofire.framework",
				"${TARGET_BUILD_DIR}/${FRAMEWORKS_FOLDER_PATH}/AlamofireImage.framework",
				"${TARGET_BUILD_DIR}/${FRAMEWORKS_FOLDER_PATH}/AlamofireObjectMapper.framework",
				"${TARGET_BUILD_DIR}/${FRAMEWORKS_FOLDER_PATH}/GTMSessionFetcher.framework",
				"${TARGET_BUILD_DIR}/${FRAMEWORKS_FOLDER_PATH}/GoogleToolboxForMac.framework",
				"${TARGET_BUILD_DIR}/${FRAMEWORKS_FOLDER_PATH}/ObjectMapper.framework",
				"${TARGET_BUILD_DIR}/${FRAMEWORKS_FOLDER_PATH}/SwiftyJSON.framework",
				"${TARGET_BUILD_DIR}/${FRAMEWORKS_FOLDER_PATH}/leveldb.framework",
				"${TARGET_BUILD_DIR}/${FRAMEWORKS_FOLDER_PATH}/nanopb.framework",
			);
			runOnlyForDeploymentPostprocessing = 0;
			shellPath = /bin/sh;
			shellScript = "\"${SRCROOT}/Pods/Target Support Files/Pods-MeetShoppers/Pods-MeetShoppers-frameworks.sh\"\n";
			showEnvVarsInLog = 0;
		};
		4AD3469ABE8BBB6F17D868D1 /* [CP] Copy Pods Resources */ = {
			isa = PBXShellScriptBuildPhase;
			buildActionMask = 2147483647;
			files = (
			);
			inputPaths = (
			);
			name = "[CP] Copy Pods Resources";
			outputPaths = (
			);
			runOnlyForDeploymentPostprocessing = 0;
			shellPath = /bin/sh;
			shellScript = "\"${SRCROOT}/Pods/Target Support Files/Pods-MeetShoppersTests/Pods-MeetShoppersTests-resources.sh\"\n";
			showEnvVarsInLog = 0;
		};
		6E0F7D5FA883EBC7E4BBE332 /* [CP] Copy Pods Resources */ = {
			isa = PBXShellScriptBuildPhase;
			buildActionMask = 2147483647;
			files = (
			);
			inputPaths = (
			);
			name = "[CP] Copy Pods Resources";
			outputPaths = (
			);
			runOnlyForDeploymentPostprocessing = 0;
			shellPath = /bin/sh;
			shellScript = "\"${SRCROOT}/Pods/Target Support Files/Pods-MeetShoppersUITests/Pods-MeetShoppersUITests-resources.sh\"\n";
			showEnvVarsInLog = 0;
		};
		740F83C4A52489E313D351DA /* [CP] Check Pods Manifest.lock */ = {
			isa = PBXShellScriptBuildPhase;
			buildActionMask = 2147483647;
			files = (
			);
			inputPaths = (
				"${PODS_PODFILE_DIR_PATH}/Podfile.lock",
				"${PODS_ROOT}/Manifest.lock",
			);
			name = "[CP] Check Pods Manifest.lock";
			outputPaths = (
				"$(DERIVED_FILE_DIR)/Pods-MeetShoppersUITests-checkManifestLockResult.txt",
			);
			runOnlyForDeploymentPostprocessing = 0;
			shellPath = /bin/sh;
			shellScript = "diff \"${PODS_PODFILE_DIR_PATH}/Podfile.lock\" \"${PODS_ROOT}/Manifest.lock\" > /dev/null\nif [ $? != 0 ] ; then\n    # print error to STDERR\n    echo \"error: The sandbox is not in sync with the Podfile.lock. Run 'pod install' or update your CocoaPods installation.\" >&2\n    exit 1\nfi\n# This output is used by Xcode 'outputs' to avoid re-running this script phase.\necho \"SUCCESS\" > \"${SCRIPT_OUTPUT_FILE_0}\"\n";
			showEnvVarsInLog = 0;
		};
		7DEA65ADB1A3AE598CDEF29F /* [CP] Check Pods Manifest.lock */ = {
			isa = PBXShellScriptBuildPhase;
			buildActionMask = 2147483647;
			files = (
			);
			inputPaths = (
				"${PODS_PODFILE_DIR_PATH}/Podfile.lock",
				"${PODS_ROOT}/Manifest.lock",
			);
			name = "[CP] Check Pods Manifest.lock";
			outputPaths = (
				"$(DERIVED_FILE_DIR)/Pods-MeetShoppers-checkManifestLockResult.txt",
			);
			runOnlyForDeploymentPostprocessing = 0;
			shellPath = /bin/sh;
			shellScript = "diff \"${PODS_PODFILE_DIR_PATH}/Podfile.lock\" \"${PODS_ROOT}/Manifest.lock\" > /dev/null\nif [ $? != 0 ] ; then\n    # print error to STDERR\n    echo \"error: The sandbox is not in sync with the Podfile.lock. Run 'pod install' or update your CocoaPods installation.\" >&2\n    exit 1\nfi\n# This output is used by Xcode 'outputs' to avoid re-running this script phase.\necho \"SUCCESS\" > \"${SCRIPT_OUTPUT_FILE_0}\"\n";
			showEnvVarsInLog = 0;
		};
		89A9C3FC2FDB38A787CC6596 /* [CP] Copy Pods Resources */ = {
			isa = PBXShellScriptBuildPhase;
			buildActionMask = 2147483647;
			files = (
			);
			inputPaths = (
			);
			name = "[CP] Copy Pods Resources";
			outputPaths = (
			);
			runOnlyForDeploymentPostprocessing = 0;
			shellPath = /bin/sh;
			shellScript = "\"${SRCROOT}/Pods/Target Support Files/Pods-MeetShoppers/Pods-MeetShoppers-resources.sh\"\n";
			showEnvVarsInLog = 0;
		};
		92A8CAF7BC221A66073453A4 /* [CP] Check Pods Manifest.lock */ = {
			isa = PBXShellScriptBuildPhase;
			buildActionMask = 2147483647;
			files = (
			);
			inputPaths = (
				"${PODS_PODFILE_DIR_PATH}/Podfile.lock",
				"${PODS_ROOT}/Manifest.lock",
			);
			name = "[CP] Check Pods Manifest.lock";
			outputPaths = (
				"$(DERIVED_FILE_DIR)/Pods-MeetShoppersTests-checkManifestLockResult.txt",
			);
			runOnlyForDeploymentPostprocessing = 0;
			shellPath = /bin/sh;
			shellScript = "diff \"${PODS_PODFILE_DIR_PATH}/Podfile.lock\" \"${PODS_ROOT}/Manifest.lock\" > /dev/null\nif [ $? != 0 ] ; then\n    # print error to STDERR\n    echo \"error: The sandbox is not in sync with the Podfile.lock. Run 'pod install' or update your CocoaPods installation.\" >&2\n    exit 1\nfi\n# This output is used by Xcode 'outputs' to avoid re-running this script phase.\necho \"SUCCESS\" > \"${SCRIPT_OUTPUT_FILE_0}\"\n";
			showEnvVarsInLog = 0;
		};
/* End PBXShellScriptBuildPhase section */

/* Begin PBXSourcesBuildPhase section */
		7B13FB00204906B80046D4D8 /* Sources */ = {
			isa = PBXSourcesBuildPhase;
			buildActionMask = 2147483647;
			files = (
				7B13FB08204906B80046D4D8 /* AppDelegate.swift in Sources */,
				BF1878DF207FFB0E00D97F9B /* YelpAPIClient.swift in Sources */,
				BF674F502085C43E0083AD0C /* LongLabel.swift in Sources */,
				F3258F662093C9800002ED75 /* CameraViewController.swift in Sources */,
				7B4F8AAD20829B2E007B91EC /* StoreDetailViewController.swift in Sources */,
				BF56E9D12077BDA000D89184 /* WelcomeViewController.swift in Sources */,
				7BE839F420A13FD8007E3659 /* BEMCheckBox.m in Sources */,
				BF56E9D52077CB0300D89184 /* SignupViewController.swift in Sources */,
				BFF402E3208AB58C00E6D9B5 /* ProfileCell.swift in Sources */,
				BFF402E1208AA17C00E6D9B5 /* OptionCell.swift in Sources */,
				F3D7B6A320829D36009F6F21 /* MenuViewController.swift in Sources */,
				7BE839F320A13FD8007E3659 /* BEMAnimationManager.m in Sources */,
				BF674F4E2085A37A0083AD0C /* BusinessCell.swift in Sources */,
				BFF12FD9208D559900A05269 /* MapViewController.swift in Sources */,
				BF28F37A2096366C0063EEBD /* BusinessComment.swift in Sources */,
				7B4F0B67209D4C1400948CDE /* MapPopUpViewController.swift in Sources */,
				7B4F8AB52082B98F007B91EC /* ToDoViewController.swift in Sources */,
				7B4F8AB32082B1FC007B91EC /* ObjPopUpViewController.swift in Sources */,
				BFDB79442092DCF800C019B2 /* UsernameViewController.swift in Sources */,
				BFF12FDB208E92AB00A05269 /* ChatLogViewController.swift in Sources */,
				BF56E9DB2077E3B200D89184 /* BottomBorderedTextField.swift in Sources */,
				7BE839F520A13FD8007E3659 /* BEMCheckBoxGroup.m in Sources */,
				BF1878E72081298700D97F9B /* MainViewController.swift in Sources */,
				BF7C56C220939AEB0040164B /* ChatMessageCell.swift in Sources */,
				7B4F8AAF20829DA7007B91EC /* MessageCell.swift in Sources */,
				7B5008A62098081B00A23F14 /* ToDoTableViewCell.swift in Sources */,
				BF56E9D92077DEB800D89184 /* UIExtension.swift in Sources */,
				7BE839F620A13FD8007E3659 /* BEMPathManager.m in Sources */,
				BF18790D20829B8C00D97F9B /* Business.swift in Sources */,
				BF2EBB35208ED85F00592D72 /* Message.swift in Sources */,
				BF56E9D32077CAF600D89184 /* SigninViewController.swift in Sources */,
				BF1879092082725D00D97F9B /* YelpAPIRouter.swift in Sources */,
			);
			runOnlyForDeploymentPostprocessing = 0;
		};
		7B13FB14204906B80046D4D8 /* Sources */ = {
			isa = PBXSourcesBuildPhase;
			buildActionMask = 2147483647;
			files = (
				7B13FB1D204906B80046D4D8 /* MeetShoppersTests.swift in Sources */,
			);
			runOnlyForDeploymentPostprocessing = 0;
		};
		7B13FB1F204906B80046D4D8 /* Sources */ = {
			isa = PBXSourcesBuildPhase;
			buildActionMask = 2147483647;
			files = (
				7B13FB28204906B80046D4D8 /* MeetShoppersUITests.swift in Sources */,
			);
			runOnlyForDeploymentPostprocessing = 0;
		};
/* End PBXSourcesBuildPhase section */

/* Begin PBXTargetDependency section */
		7B13FB1A204906B80046D4D8 /* PBXTargetDependency */ = {
			isa = PBXTargetDependency;
			target = 7B13FB03204906B80046D4D8 /* MeetShoppers */;
			targetProxy = 7B13FB19204906B80046D4D8 /* PBXContainerItemProxy */;
		};
		7B13FB25204906B80046D4D8 /* PBXTargetDependency */ = {
			isa = PBXTargetDependency;
			target = 7B13FB03204906B80046D4D8 /* MeetShoppers */;
			targetProxy = 7B13FB24204906B80046D4D8 /* PBXContainerItemProxy */;
		};
/* End PBXTargetDependency section */

/* Begin PBXVariantGroup section */
		7B13FB0B204906B80046D4D8 /* Main.storyboard */ = {
			isa = PBXVariantGroup;
			children = (
				7B13FB0C204906B80046D4D8 /* Base */,
			);
			name = Main.storyboard;
			sourceTree = "<group>";
		};
		7B13FB10204906B80046D4D8 /* LaunchScreen.storyboard */ = {
			isa = PBXVariantGroup;
			children = (
				7B13FB11204906B80046D4D8 /* Base */,
			);
			name = LaunchScreen.storyboard;
			sourceTree = "<group>";
		};
/* End PBXVariantGroup section */

/* Begin XCBuildConfiguration section */
		7B13FB2A204906B80046D4D8 /* Debug */ = {
			isa = XCBuildConfiguration;
			buildSettings = {
				ALWAYS_SEARCH_USER_PATHS = NO;
				CLANG_ANALYZER_NONNULL = YES;
				CLANG_ANALYZER_NUMBER_OBJECT_CONVERSION = YES_AGGRESSIVE;
				CLANG_CXX_LANGUAGE_STANDARD = "gnu++14";
				CLANG_CXX_LIBRARY = "libc++";
				CLANG_ENABLE_MODULES = YES;
				CLANG_ENABLE_OBJC_ARC = YES;
				CLANG_WARN_BLOCK_CAPTURE_AUTORELEASING = YES;
				CLANG_WARN_BOOL_CONVERSION = YES;
				CLANG_WARN_COMMA = YES;
				CLANG_WARN_CONSTANT_CONVERSION = YES;
				CLANG_WARN_DIRECT_OBJC_ISA_USAGE = YES_ERROR;
				CLANG_WARN_DOCUMENTATION_COMMENTS = YES;
				CLANG_WARN_EMPTY_BODY = YES;
				CLANG_WARN_ENUM_CONVERSION = YES;
				CLANG_WARN_INFINITE_RECURSION = YES;
				CLANG_WARN_INT_CONVERSION = YES;
				CLANG_WARN_NON_LITERAL_NULL_CONVERSION = YES;
				CLANG_WARN_OBJC_LITERAL_CONVERSION = YES;
				CLANG_WARN_OBJC_ROOT_CLASS = YES_ERROR;
				CLANG_WARN_RANGE_LOOP_ANALYSIS = YES;
				CLANG_WARN_STRICT_PROTOTYPES = YES;
				CLANG_WARN_SUSPICIOUS_MOVE = YES;
				CLANG_WARN_UNGUARDED_AVAILABILITY = YES_AGGRESSIVE;
				CLANG_WARN_UNREACHABLE_CODE = YES;
				CLANG_WARN__DUPLICATE_METHOD_MATCH = YES;
				CODE_SIGN_IDENTITY = "iPhone Developer";
				COPY_PHASE_STRIP = NO;
				DEBUG_INFORMATION_FORMAT = dwarf;
				ENABLE_STRICT_OBJC_MSGSEND = YES;
				ENABLE_TESTABILITY = YES;
				GCC_C_LANGUAGE_STANDARD = gnu11;
				GCC_DYNAMIC_NO_PIC = NO;
				GCC_NO_COMMON_BLOCKS = YES;
				GCC_OPTIMIZATION_LEVEL = 0;
				GCC_PREPROCESSOR_DEFINITIONS = (
					"DEBUG=1",
					"$(inherited)",
				);
				GCC_WARN_64_TO_32_BIT_CONVERSION = YES;
				GCC_WARN_ABOUT_RETURN_TYPE = YES_ERROR;
				GCC_WARN_UNDECLARED_SELECTOR = YES;
				GCC_WARN_UNINITIALIZED_AUTOS = YES_AGGRESSIVE;
				GCC_WARN_UNUSED_FUNCTION = YES;
				GCC_WARN_UNUSED_VARIABLE = YES;
				IPHONEOS_DEPLOYMENT_TARGET = 11.2;
				MTL_ENABLE_DEBUG_INFO = YES;
				ONLY_ACTIVE_ARCH = YES;
				SDKROOT = iphoneos;
				SWIFT_ACTIVE_COMPILATION_CONDITIONS = DEBUG;
				SWIFT_OPTIMIZATION_LEVEL = "-Onone";
			};
			name = Debug;
		};
		7B13FB2B204906B80046D4D8 /* Release */ = {
			isa = XCBuildConfiguration;
			buildSettings = {
				ALWAYS_SEARCH_USER_PATHS = NO;
				CLANG_ANALYZER_NONNULL = YES;
				CLANG_ANALYZER_NUMBER_OBJECT_CONVERSION = YES_AGGRESSIVE;
				CLANG_CXX_LANGUAGE_STANDARD = "gnu++14";
				CLANG_CXX_LIBRARY = "libc++";
				CLANG_ENABLE_MODULES = YES;
				CLANG_ENABLE_OBJC_ARC = YES;
				CLANG_WARN_BLOCK_CAPTURE_AUTORELEASING = YES;
				CLANG_WARN_BOOL_CONVERSION = YES;
				CLANG_WARN_COMMA = YES;
				CLANG_WARN_CONSTANT_CONVERSION = YES;
				CLANG_WARN_DIRECT_OBJC_ISA_USAGE = YES_ERROR;
				CLANG_WARN_DOCUMENTATION_COMMENTS = YES;
				CLANG_WARN_EMPTY_BODY = YES;
				CLANG_WARN_ENUM_CONVERSION = YES;
				CLANG_WARN_INFINITE_RECURSION = YES;
				CLANG_WARN_INT_CONVERSION = YES;
				CLANG_WARN_NON_LITERAL_NULL_CONVERSION = YES;
				CLANG_WARN_OBJC_LITERAL_CONVERSION = YES;
				CLANG_WARN_OBJC_ROOT_CLASS = YES_ERROR;
				CLANG_WARN_RANGE_LOOP_ANALYSIS = YES;
				CLANG_WARN_STRICT_PROTOTYPES = YES;
				CLANG_WARN_SUSPICIOUS_MOVE = YES;
				CLANG_WARN_UNGUARDED_AVAILABILITY = YES_AGGRESSIVE;
				CLANG_WARN_UNREACHABLE_CODE = YES;
				CLANG_WARN__DUPLICATE_METHOD_MATCH = YES;
				CODE_SIGN_IDENTITY = "iPhone Developer";
				COPY_PHASE_STRIP = NO;
				DEBUG_INFORMATION_FORMAT = "dwarf-with-dsym";
				ENABLE_NS_ASSERTIONS = NO;
				ENABLE_STRICT_OBJC_MSGSEND = YES;
				GCC_C_LANGUAGE_STANDARD = gnu11;
				GCC_NO_COMMON_BLOCKS = YES;
				GCC_WARN_64_TO_32_BIT_CONVERSION = YES;
				GCC_WARN_ABOUT_RETURN_TYPE = YES_ERROR;
				GCC_WARN_UNDECLARED_SELECTOR = YES;
				GCC_WARN_UNINITIALIZED_AUTOS = YES_AGGRESSIVE;
				GCC_WARN_UNUSED_FUNCTION = YES;
				GCC_WARN_UNUSED_VARIABLE = YES;
				IPHONEOS_DEPLOYMENT_TARGET = 11.2;
				MTL_ENABLE_DEBUG_INFO = NO;
				SDKROOT = iphoneos;
				SWIFT_OPTIMIZATION_LEVEL = "-Owholemodule";
				VALIDATE_PRODUCT = YES;
			};
			name = Release;
		};
		7B13FB2D204906B80046D4D8 /* Debug */ = {
			isa = XCBuildConfiguration;
			baseConfigurationReference = 7CDF15091F0006D86C2F68A0 /* Pods-MeetShoppers.debug.xcconfig */;
			buildSettings = {
				ASSETCATALOG_COMPILER_APPICON_NAME = AppIcon;
				CODE_SIGN_STYLE = Automatic;
				DEVELOPMENT_TEAM = "";
				INFOPLIST_FILE = MeetShoppers/Info.plist;
				LD_RUNPATH_SEARCH_PATHS = "$(inherited) @executable_path/Frameworks";
				PRODUCT_BUNDLE_IDENTIFIER = com.kinmnalui.shopmeet;
				PRODUCT_NAME = "$(TARGET_NAME)";
				PROVISIONING_PROFILE_SPECIFIER = "";
				SWIFT_OBJC_BRIDGING_HEADER = MeetShoppers/CheckMarkHeader.h;
				SWIFT_VERSION = 4.0;
				TARGETED_DEVICE_FAMILY = "1,2";
			};
			name = Debug;
		};
		7B13FB2E204906B80046D4D8 /* Release */ = {
			isa = XCBuildConfiguration;
			baseConfigurationReference = D3154FDBCE430EF545FDFE22 /* Pods-MeetShoppers.release.xcconfig */;
			buildSettings = {
				ASSETCATALOG_COMPILER_APPICON_NAME = AppIcon;
				CODE_SIGN_STYLE = Automatic;
				DEVELOPMENT_TEAM = "";
				INFOPLIST_FILE = MeetShoppers/Info.plist;
				LD_RUNPATH_SEARCH_PATHS = "$(inherited) @executable_path/Frameworks";
				PRODUCT_BUNDLE_IDENTIFIER = com.kinmnalui.shopmeet;
				PRODUCT_NAME = "$(TARGET_NAME)";
				PROVISIONING_PROFILE_SPECIFIER = "";
				SWIFT_OBJC_BRIDGING_HEADER = MeetShoppers/CheckMarkHeader.h;
				SWIFT_VERSION = 4.0;
				TARGETED_DEVICE_FAMILY = "1,2";
			};
			name = Release;
		};
		7B13FB30204906B80046D4D8 /* Debug */ = {
			isa = XCBuildConfiguration;
			baseConfigurationReference = CECE193B5CAB097E9E615006 /* Pods-MeetShoppersTests.debug.xcconfig */;
			buildSettings = {
				ALWAYS_EMBED_SWIFT_STANDARD_LIBRARIES = YES;
				BUNDLE_LOADER = "$(TEST_HOST)";
				CODE_SIGN_STYLE = Automatic;
				DEVELOPMENT_TEAM = DJGXAZ7LPD;
				INFOPLIST_FILE = MeetShoppersTests/Info.plist;
				LD_RUNPATH_SEARCH_PATHS = "$(inherited) @executable_path/Frameworks @loader_path/Frameworks";
				PRODUCT_BUNDLE_IDENTIFIER = com.UCSD.MeetShoppersTests;
				PRODUCT_NAME = "$(TARGET_NAME)";
				SWIFT_VERSION = 4.0;
				TARGETED_DEVICE_FAMILY = "1,2";
				TEST_HOST = "$(BUILT_PRODUCTS_DIR)/MeetShoppers.app/MeetShoppers";
			};
			name = Debug;
		};
		7B13FB31204906B80046D4D8 /* Release */ = {
			isa = XCBuildConfiguration;
			baseConfigurationReference = 63960FBD96EACB4FDD07FE0E /* Pods-MeetShoppersTests.release.xcconfig */;
			buildSettings = {
				ALWAYS_EMBED_SWIFT_STANDARD_LIBRARIES = YES;
				BUNDLE_LOADER = "$(TEST_HOST)";
				CODE_SIGN_STYLE = Automatic;
				DEVELOPMENT_TEAM = DJGXAZ7LPD;
				INFOPLIST_FILE = MeetShoppersTests/Info.plist;
				LD_RUNPATH_SEARCH_PATHS = "$(inherited) @executable_path/Frameworks @loader_path/Frameworks";
				PRODUCT_BUNDLE_IDENTIFIER = com.UCSD.MeetShoppersTests;
				PRODUCT_NAME = "$(TARGET_NAME)";
				SWIFT_VERSION = 4.0;
				TARGETED_DEVICE_FAMILY = "1,2";
				TEST_HOST = "$(BUILT_PRODUCTS_DIR)/MeetShoppers.app/MeetShoppers";
			};
			name = Release;
		};
		7B13FB33204906B80046D4D8 /* Debug */ = {
			isa = XCBuildConfiguration;
			baseConfigurationReference = 4BCD68FB538D4BC0466FF9BC /* Pods-MeetShoppersUITests.debug.xcconfig */;
			buildSettings = {
				ALWAYS_EMBED_SWIFT_STANDARD_LIBRARIES = YES;
				CODE_SIGN_STYLE = Automatic;
				DEVELOPMENT_TEAM = DJGXAZ7LPD;
				INFOPLIST_FILE = MeetShoppersUITests/Info.plist;
				LD_RUNPATH_SEARCH_PATHS = "$(inherited) @executable_path/Frameworks @loader_path/Frameworks";
				PRODUCT_BUNDLE_IDENTIFIER = com.UCSD.MeetShoppersUITests;
				PRODUCT_NAME = "$(TARGET_NAME)";
				SWIFT_VERSION = 4.0;
				TARGETED_DEVICE_FAMILY = "1,2";
				TEST_TARGET_NAME = MeetShoppers;
			};
			name = Debug;
		};
		7B13FB34204906B80046D4D8 /* Release */ = {
			isa = XCBuildConfiguration;
			baseConfigurationReference = 70CB7C23D68D3F3613DB04A2 /* Pods-MeetShoppersUITests.release.xcconfig */;
			buildSettings = {
				ALWAYS_EMBED_SWIFT_STANDARD_LIBRARIES = YES;
				CODE_SIGN_STYLE = Automatic;
				DEVELOPMENT_TEAM = DJGXAZ7LPD;
				INFOPLIST_FILE = MeetShoppersUITests/Info.plist;
				LD_RUNPATH_SEARCH_PATHS = "$(inherited) @executable_path/Frameworks @loader_path/Frameworks";
				PRODUCT_BUNDLE_IDENTIFIER = com.UCSD.MeetShoppersUITests;
				PRODUCT_NAME = "$(TARGET_NAME)";
				SWIFT_VERSION = 4.0;
				TARGETED_DEVICE_FAMILY = "1,2";
				TEST_TARGET_NAME = MeetShoppers;
			};
			name = Release;
		};
/* End XCBuildConfiguration section */

/* Begin XCConfigurationList section */
		7B13FAFF204906B80046D4D8 /* Build configuration list for PBXProject "MeetShoppers" */ = {
			isa = XCConfigurationList;
			buildConfigurations = (
				7B13FB2A204906B80046D4D8 /* Debug */,
				7B13FB2B204906B80046D4D8 /* Release */,
			);
			defaultConfigurationIsVisible = 0;
			defaultConfigurationName = Release;
		};
		7B13FB2C204906B80046D4D8 /* Build configuration list for PBXNativeTarget "MeetShoppers" */ = {
			isa = XCConfigurationList;
			buildConfigurations = (
				7B13FB2D204906B80046D4D8 /* Debug */,
				7B13FB2E204906B80046D4D8 /* Release */,
			);
			defaultConfigurationIsVisible = 0;
			defaultConfigurationName = Release;
		};
		7B13FB2F204906B80046D4D8 /* Build configuration list for PBXNativeTarget "MeetShoppersTests" */ = {
			isa = XCConfigurationList;
			buildConfigurations = (
				7B13FB30204906B80046D4D8 /* Debug */,
				7B13FB31204906B80046D4D8 /* Release */,
			);
			defaultConfigurationIsVisible = 0;
			defaultConfigurationName = Release;
		};
		7B13FB32204906B80046D4D8 /* Build configuration list for PBXNativeTarget "MeetShoppersUITests" */ = {
			isa = XCConfigurationList;
			buildConfigurations = (
				7B13FB33204906B80046D4D8 /* Debug */,
				7B13FB34204906B80046D4D8 /* Release */,
			);
			defaultConfigurationIsVisible = 0;
			defaultConfigurationName = Release;
		};
/* End XCConfigurationList section */
	};
	rootObject = 7B13FAFC204906B80046D4D8 /* Project object */;
}
