// !$*UTF8*$!
{
	archiveVersion = 1;
	classes = {
	};
	objectVersion = 48;
	objects = {

/* Begin PBXBuildFile section */
		0E7CBC131EED67D5F39CE39B /* Pods_MeetShoppersTests.framework in Frameworks */ = {isa = PBXBuildFile; fileRef = A488A0B616BE69BB4B88FAE1 /* Pods_MeetShoppersTests.framework */; };
		2F76F91618CC44167057F8DD /* Pods_MeetShoppersUITests.framework in Frameworks */ = {isa = PBXBuildFile; fileRef = CFCED5EA4BCDE33AF8F5FF1B /* Pods_MeetShoppersUITests.framework */; };
		7B13FB08204906B80046D4D8 /* AppDelegate.swift in Sources */ = {isa = PBXBuildFile; fileRef = 7B13FB07204906B80046D4D8 /* AppDelegate.swift */; };
		7B13FB0D204906B80046D4D8 /* Main.storyboard in Resources */ = {isa = PBXBuildFile; fileRef = 7B13FB0B204906B80046D4D8 /* Main.storyboard */; };
		7B13FB0F204906B80046D4D8 /* Assets.xcassets in Resources */ = {isa = PBXBuildFile; fileRef = 7B13FB0E204906B80046D4D8 /* Assets.xcassets */; };
		7B13FB12204906B80046D4D8 /* LaunchScreen.storyboard in Resources */ = {isa = PBXBuildFile; fileRef = 7B13FB10204906B80046D4D8 /* LaunchScreen.storyboard */; };
		7B13FB1D204906B80046D4D8 /* MeetShoppersTests.swift in Sources */ = {isa = PBXBuildFile; fileRef = 7B13FB1C204906B80046D4D8 /* MeetShoppersTests.swift */; };
		7B13FB28204906B80046D4D8 /* MeetShoppersUITests.swift in Sources */ = {isa = PBXBuildFile; fileRef = 7B13FB27204906B80046D4D8 /* MeetShoppersUITests.swift */; };
		BF1878DF207FFB0E00D97F9B /* YelpAPIClient.swift in Sources */ = {isa = PBXBuildFile; fileRef = BF1878DE207FFB0E00D97F9B /* YelpAPIClient.swift */; };
		BF1878E3208125B300D97F9B /* User.swift in Sources */ = {isa = PBXBuildFile; fileRef = BF1878E2208125B300D97F9B /* User.swift */; };
		BF1878E72081298700D97F9B /* MainViewController.swift in Sources */ = {isa = PBXBuildFile; fileRef = BF1878E62081298700D97F9B /* MainViewController.swift */; };
		BF1879092082725D00D97F9B /* YelpAPIRouter.swift in Sources */ = {isa = PBXBuildFile; fileRef = BF1879082082725D00D97F9B /* YelpAPIRouter.swift */; };
		BF18790D20829B8C00D97F9B /* Business.swift in Sources */ = {isa = PBXBuildFile; fileRef = BF18790C20829B8C00D97F9B /* Business.swift */; };
		BF18790F2082AC9000D97F9B /* BusinessCell.swift in Sources */ = {isa = PBXBuildFile; fileRef = BF18790E2082AC9000D97F9B /* BusinessCell.swift */; };
		BF56E9D12077BDA000D89184 /* WelcomeViewController.swift in Sources */ = {isa = PBXBuildFile; fileRef = BF56E9D02077BDA000D89184 /* WelcomeViewController.swift */; };
		BF56E9D32077CAF600D89184 /* SigninViewController.swift in Sources */ = {isa = PBXBuildFile; fileRef = BF56E9D22077CAF600D89184 /* SigninViewController.swift */; };
		BF56E9D52077CB0300D89184 /* SignupViewController.swift in Sources */ = {isa = PBXBuildFile; fileRef = BF56E9D42077CB0300D89184 /* SignupViewController.swift */; };
		BF56E9D92077DEB800D89184 /* ColorHexable.swift in Sources */ = {isa = PBXBuildFile; fileRef = BF56E9D82077DEB800D89184 /* ColorHexable.swift */; };
		BF56E9DB2077E3B200D89184 /* BottomBorderedTextField.swift in Sources */ = {isa = PBXBuildFile; fileRef = BF56E9DA2077E3B200D89184 /* BottomBorderedTextField.swift */; };
		BF992F0F20792C3200828AB1 /* GoogleService-Info.plist in Resources */ = {isa = PBXBuildFile; fileRef = BF992F0E20792C3200828AB1 /* GoogleService-Info.plist */; };
		BF992F1020792C3200828AB1 /* GoogleService-Info.plist in Resources */ = {isa = PBXBuildFile; fileRef = BF992F0E20792C3200828AB1 /* GoogleService-Info.plist */; };
		BF992F1120792C3200828AB1 /* GoogleService-Info.plist in Resources */ = {isa = PBXBuildFile; fileRef = BF992F0E20792C3200828AB1 /* GoogleService-Info.plist */; };
		C70AE8CE96DC3AB84CEB0708 /* Pods_MeetShoppers.framework in Frameworks */ = {isa = PBXBuildFile; fileRef = 7612ADC570680EE0AF03A9E5 /* Pods_MeetShoppers.framework */; };
/* End PBXBuildFile section */

/* Begin PBXContainerItemProxy section */
		7B13FB19204906B80046D4D8 /* PBXContainerItemProxy */ = {
			isa = PBXContainerItemProxy;
			containerPortal = 7B13FAFC204906B80046D4D8 /* Project object */;
			proxyType = 1;
			remoteGlobalIDString = 7B13FB03204906B80046D4D8;
			remoteInfo = MeetShoppers;
		};
		7B13FB24204906B80046D4D8 /* PBXContainerItemProxy */ = {
			isa = PBXContainerItemProxy;
			containerPortal = 7B13FAFC204906B80046D4D8 /* Project object */;
			proxyType = 1;
			remoteGlobalIDString = 7B13FB03204906B80046D4D8;
			remoteInfo = MeetShoppers;
		};
/* End PBXContainerItemProxy section */

/* Begin PBXFileReference section */
		4BCD68FB538D4BC0466FF9BC /* Pods-MeetShoppersUITests.debug.xcconfig */ = {isa = PBXFileReference; includeInIndex = 1; lastKnownFileType = text.xcconfig; name = "Pods-MeetShoppersUITests.debug.xcconfig"; path = "Pods/Target Support Files/Pods-MeetShoppersUITests/Pods-MeetShoppersUITests.debug.xcconfig"; sourceTree = "<group>"; };
		63960FBD96EACB4FDD07FE0E /* Pods-MeetShoppersTests.release.xcconfig */ = {isa = PBXFileReference; includeInIndex = 1; lastKnownFileType = text.xcconfig; name = "Pods-MeetShoppersTests.release.xcconfig"; path = "Pods/Target Support Files/Pods-MeetShoppersTests/Pods-MeetShoppersTests.release.xcconfig"; sourceTree = "<group>"; };
		70CB7C23D68D3F3613DB04A2 /* Pods-MeetShoppersUITests.release.xcconfig */ = {isa = PBXFileReference; includeInIndex = 1; lastKnownFileType = text.xcconfig; name = "Pods-MeetShoppersUITests.release.xcconfig"; path = "Pods/Target Support Files/Pods-MeetShoppersUITests/Pods-MeetShoppersUITests.release.xcconfig"; sourceTree = "<group>"; };
		7612ADC570680EE0AF03A9E5 /* Pods_MeetShoppers.framework */ = {isa = PBXFileReference; explicitFileType = wrapper.framework; includeInIndex = 0; path = Pods_MeetShoppers.framework; sourceTree = BUILT_PRODUCTS_DIR; };
		7B13FB04204906B80046D4D8 /* MeetShoppers.app */ = {isa = PBXFileReference; explicitFileType = wrapper.application; includeInIndex = 0; path = MeetShoppers.app; sourceTree = BUILT_PRODUCTS_DIR; };
		7B13FB07204906B80046D4D8 /* AppDelegate.swift */ = {isa = PBXFileReference; lastKnownFileType = sourcecode.swift; path = AppDelegate.swift; sourceTree = "<group>"; };
		7B13FB0C204906B80046D4D8 /* Base */ = {isa = PBXFileReference; lastKnownFileType = file.storyboard; name = Base; path = Base.lproj/Main.storyboard; sourceTree = "<group>"; };
		7B13FB0E204906B80046D4D8 /* Assets.xcassets */ = {isa = PBXFileReference; lastKnownFileType = folder.assetcatalog; path = Assets.xcassets; sourceTree = "<group>"; };
		7B13FB11204906B80046D4D8 /* Base */ = {isa = PBXFileReference; lastKnownFileType = file.storyboard; name = Base; path = Base.lproj/LaunchScreen.storyboard; sourceTree = "<group>"; };
		7B13FB13204906B80046D4D8 /* Info.plist */ = {isa = PBXFileReference; lastKnownFileType = text.plist.xml; path = Info.plist; sourceTree = "<group>"; };
		7B13FB18204906B80046D4D8 /* MeetShoppersTests.xctest */ = {isa = PBXFileReference; explicitFileType = wrapper.cfbundle; includeInIndex = 0; path = MeetShoppersTests.xctest; sourceTree = BUILT_PRODUCTS_DIR; };
		7B13FB1C204906B80046D4D8 /* MeetShoppersTests.swift */ = {isa = PBXFileReference; lastKnownFileType = sourcecode.swift; path = MeetShoppersTests.swift; sourceTree = "<group>"; };
		7B13FB1E204906B80046D4D8 /* Info.plist */ = {isa = PBXFileReference; lastKnownFileType = text.plist.xml; path = Info.plist; sourceTree = "<group>"; };
		7B13FB23204906B80046D4D8 /* MeetShoppersUITests.xctest */ = {isa = PBXFileReference; explicitFileType = wrapper.cfbundle; includeInIndex = 0; path = MeetShoppersUITests.xctest; sourceTree = BUILT_PRODUCTS_DIR; };
		7B13FB27204906B80046D4D8 /* MeetShoppersUITests.swift */ = {isa = PBXFileReference; lastKnownFileType = sourcecode.swift; path = MeetShoppersUITests.swift; sourceTree = "<group>"; };
		7B13FB29204906B80046D4D8 /* Info.plist */ = {isa = PBXFileReference; lastKnownFileType = text.plist.xml; path = Info.plist; sourceTree = "<group>"; };
		7CDF15091F0006D86C2F68A0 /* Pods-MeetShoppers.debug.xcconfig */ = {isa = PBXFileReference; includeInIndex = 1; lastKnownFileType = text.xcconfig; name = "Pods-MeetShoppers.debug.xcconfig"; path = "Pods/Target Support Files/Pods-MeetShoppers/Pods-MeetShoppers.debug.xcconfig"; sourceTree = "<group>"; };
		A488A0B616BE69BB4B88FAE1 /* Pods_MeetShoppersTests.framework */ = {isa = PBXFileReference; explicitFileType = wrapper.framework; includeInIndex = 0; path = Pods_MeetShoppersTests.framework; sourceTree = BUILT_PRODUCTS_DIR; };
		BF1878DE207FFB0E00D97F9B /* YelpAPIClient.swift */ = {isa = PBXFileReference; lastKnownFileType = sourcecode.swift; path = YelpAPIClient.swift; sourceTree = "<group>"; };
		BF1878E2208125B300D97F9B /* User.swift */ = {isa = PBXFileReference; lastKnownFileType = sourcecode.swift; path = User.swift; sourceTree = "<group>"; };
		BF1878E62081298700D97F9B /* MainViewController.swift */ = {isa = PBXFileReference; lastKnownFileType = sourcecode.swift; path = MainViewController.swift; sourceTree = "<group>"; };
		BF1879082082725D00D97F9B /* YelpAPIRouter.swift */ = {isa = PBXFileReference; lastKnownFileType = sourcecode.swift; path = YelpAPIRouter.swift; sourceTree = "<group>"; };
		BF18790C20829B8C00D97F9B /* Business.swift */ = {isa = PBXFileReference; lastKnownFileType = sourcecode.swift; path = Business.swift; sourceTree = "<group>"; };
		BF18790E2082AC9000D97F9B /* BusinessCell.swift */ = {isa = PBXFileReference; lastKnownFileType = sourcecode.swift; path = BusinessCell.swift; sourceTree = "<group>"; };
		BF56E9D02077BDA000D89184 /* WelcomeViewController.swift */ = {isa = PBXFileReference; lastKnownFileType = sourcecode.swift; path = WelcomeViewController.swift; sourceTree = "<group>"; };
		BF56E9D22077CAF600D89184 /* SigninViewController.swift */ = {isa = PBXFileReference; lastKnownFileType = sourcecode.swift; path = SigninViewController.swift; sourceTree = "<group>"; };
		BF56E9D42077CB0300D89184 /* SignupViewController.swift */ = {isa = PBXFileReference; lastKnownFileType = sourcecode.swift; path = SignupViewController.swift; sourceTree = "<group>"; };
		BF56E9D82077DEB800D89184 /* ColorHexable.swift */ = {isa = PBXFileReference; lastKnownFileType = sourcecode.swift; path = ColorHexable.swift; sourceTree = "<group>"; };
		BF56E9DA2077E3B200D89184 /* BottomBorderedTextField.swift */ = {isa = PBXFileReference; lastKnownFileType = sourcecode.swift; path = BottomBorderedTextField.swift; sourceTree = "<group>"; };
		BF992F0E20792C3200828AB1 /* GoogleService-Info.plist */ = {isa = PBXFileReference; fileEncoding = 4; lastKnownFileType = text.plist.xml; name = "GoogleService-Info.plist"; path = "../../../../Downloads/GoogleService-Info.plist"; sourceTree = "<group>"; };
		CECE193B5CAB097E9E615006 /* Pods-MeetShoppersTests.debug.xcconfig */ = {isa = PBXFileReference; includeInIndex = 1; lastKnownFileType = text.xcconfig; name = "Pods-MeetShoppersTests.debug.xcconfig"; path = "Pods/Target Support Files/Pods-MeetShoppersTests/Pods-MeetShoppersTests.debug.xcconfig"; sourceTree = "<group>"; };
		CFCED5EA4BCDE33AF8F5FF1B /* Pods_MeetShoppersUITests.framework */ = {isa = PBXFileReference; explicitFileType = wrapper.framework; includeInIndex = 0; path = Pods_MeetShoppersUITests.framework; sourceTree = BUILT_PRODUCTS_DIR; };
		D3154FDBCE430EF545FDFE22 /* Pods-MeetShoppers.release.xcconfig */ = {isa = PBXFileReference; includeInIndex = 1; lastKnownFileType = text.xcconfig; name = "Pods-MeetShoppers.release.xcconfig"; path = "Pods/Target Support Files/Pods-MeetShoppers/Pods-MeetShoppers.release.xcconfig"; sourceTree = "<group>"; };
/* End PBXFileReference section */

/* Begin PBXFrameworksBuildPhase section */
		7B13FB01204906B80046D4D8 /* Frameworks */ = {
			isa = PBXFrameworksBuildPhase;
			buildActionMask = 2147483647;
			files = (
				C70AE8CE96DC3AB84CEB0708 /* Pods_MeetShoppers.framework in Frameworks */,
			);
			runOnlyForDeploymentPostprocessing = 0;
		};
		7B13FB15204906B80046D4D8 /* Frameworks */ = {
			isa = PBXFrameworksBuildPhase;
			buildActionMask = 2147483647;
			files = (
				0E7CBC131EED67D5F39CE39B /* Pods_MeetShoppersTests.framework in Frameworks */,
			);
			runOnlyForDeploymentPostprocessing = 0;
		};
		7B13FB20204906B80046D4D8 /* Frameworks */ = {
			isa = PBXFrameworksBuildPhase;
			buildActionMask = 2147483647;
			files = (
				2F76F91618CC44167057F8DD /* Pods_MeetShoppersUITests.framework in Frameworks */,
			);
			runOnlyForDeploymentPostprocessing = 0;
		};
/* End PBXFrameworksBuildPhase section */

/* Begin PBXGroup section */
		7B13FAFB204906B80046D4D8 = {
			isa = PBXGroup;
			children = (
				7B13FB06204906B80046D4D8 /* MeetShoppers */,
				7B13FB1B204906B80046D4D8 /* MeetShoppersTests */,
				7B13FB26204906B80046D4D8 /* MeetShoppersUITests */,
				7B13FB05204906B80046D4D8 /* Products */,
				83E7111076E2901E4A5B3C5C /* Pods */,
				AA9B1C0A9B892E78FC7867ED /* Frameworks */,
			);
			sourceTree = "<group>";
		};
		7B13FB05204906B80046D4D8 /* Products */ = {
			isa = PBXGroup;
			children = (
				7B13FB04204906B80046D4D8 /* MeetShoppers.app */,
				7B13FB18204906B80046D4D8 /* MeetShoppersTests.xctest */,
				7B13FB23204906B80046D4D8 /* MeetShoppersUITests.xctest */,
			);
			name = Products;
			sourceTree = "<group>";
		};
		7B13FB06204906B80046D4D8 /* MeetShoppers */ = {
			isa = PBXGroup;
			children = (
				BF56E9CF2077BD0100D89184 /* Models */,
				BF56E9CE2077BCFB00D89184 /* Views */,
				BF56E9CD2077BCD100D89184 /* ViewControllers */,
				7B13FB07204906B80046D4D8 /* AppDelegate.swift */,
				7B13FB0B204906B80046D4D8 /* Main.storyboard */,
				7B13FB0E204906B80046D4D8 /* Assets.xcassets */,
				7B13FB10204906B80046D4D8 /* LaunchScreen.storyboard */,
				7B13FB13204906B80046D4D8 /* Info.plist */,
				BF992F0E20792C3200828AB1 /* GoogleService-Info.plist */,
			);
			path = MeetShoppers;
			sourceTree = "<group>";
		};
		7B13FB1B204906B80046D4D8 /* MeetShoppersTests */ = {
			isa = PBXGroup;
			children = (
				7B13FB1C204906B80046D4D8 /* MeetShoppersTests.swift */,
				7B13FB1E204906B80046D4D8 /* Info.plist */,
			);
			path = MeetShoppersTests;
			sourceTree = "<group>";
		};
		7B13FB26204906B80046D4D8 /* MeetShoppersUITests */ = {
			isa = PBXGroup;
			children = (
				7B13FB27204906B80046D4D8 /* MeetShoppersUITests.swift */,
				7B13FB29204906B80046D4D8 /* Info.plist */,
			);
			path = MeetShoppersUITests;
			sourceTree = "<group>";
		};
		83E7111076E2901E4A5B3C5C /* Pods */ = {
			isa = PBXGroup;
			children = (
				7CDF15091F0006D86C2F68A0 /* Pods-MeetShoppers.debug.xcconfig */,
				D3154FDBCE430EF545FDFE22 /* Pods-MeetShoppers.release.xcconfig */,
				CECE193B5CAB097E9E615006 /* Pods-MeetShoppersTests.debug.xcconfig */,
				63960FBD96EACB4FDD07FE0E /* Pods-MeetShoppersTests.release.xcconfig */,
				4BCD68FB538D4BC0466FF9BC /* Pods-MeetShoppersUITests.debug.xcconfig */,
				70CB7C23D68D3F3613DB04A2 /* Pods-MeetShoppersUITests.release.xcconfig */,
			);
			name = Pods;
			sourceTree = "<group>";
		};
		AA9B1C0A9B892E78FC7867ED /* Frameworks */ = {
			isa = PBXGroup;
			children = (
				7612ADC570680EE0AF03A9E5 /* Pods_MeetShoppers.framework */,
				A488A0B616BE69BB4B88FAE1 /* Pods_MeetShoppersTests.framework */,
				CFCED5EA4BCDE33AF8F5FF1B /* Pods_MeetShoppersUITests.framework */,
			);
			name = Frameworks;
			sourceTree = "<group>";
		};
		BF56E9CD2077BCD100D89184 /* ViewControllers */ = {
			isa = PBXGroup;
			children = (
				BF56E9D02077BDA000D89184 /* WelcomeViewController.swift */,
				BF56E9D22077CAF600D89184 /* SigninViewController.swift */,
				BF56E9D42077CB0300D89184 /* SignupViewController.swift */,
				BF1878E62081298700D97F9B /* MainViewController.swift */,
			);
			path = ViewControllers;
			sourceTree = "<group>";
		};
		BF56E9CE2077BCFB00D89184 /* Views */ = {
			isa = PBXGroup;
			children = (
				BF56E9DA2077E3B200D89184 /* BottomBorderedTextField.swift */,
				BF18790E2082AC9000D97F9B /* BusinessCell.swift */,
			);
			path = Views;
			sourceTree = "<group>";
		};
		BF56E9CF2077BD0100D89184 /* Models */ = {
			isa = PBXGroup;
			children = (
				BF56E9D82077DEB800D89184 /* ColorHexable.swift */,
				BF1878DE207FFB0E00D97F9B /* YelpAPIClient.swift */,
				BF1878E2208125B300D97F9B /* User.swift */,
				BF1879082082725D00D97F9B /* YelpAPIRouter.swift */,
				BF18790C20829B8C00D97F9B /* Business.swift */,
			);
			path = Models;
			sourceTree = "<group>";
		};
/* End PBXGroup section */

/* Begin PBXNativeTarget section */
		7B13FB03204906B80046D4D8 /* MeetShoppers */ = {
			isa = PBXNativeTarget;
			buildConfigurationList = 7B13FB2C204906B80046D4D8 /* Build configuration list for PBXNativeTarget "MeetShoppers" */;
			buildPhases = (
				7DEA65ADB1A3AE598CDEF29F /* [CP] Check Pods Manifest.lock */,
				7B13FB00204906B80046D4D8 /* Sources */,
				7B13FB01204906B80046D4D8 /* Frameworks */,
				7B13FB02204906B80046D4D8 /* Resources */,
				243697CDC57EBC38BD6A0A2B /* [CP] Embed Pods Frameworks */,
				89A9C3FC2FDB38A787CC6596 /* [CP] Copy Pods Resources */,
			);
			buildRules = (
			);
			dependencies = (
			);
			name = MeetShoppers;
			productName = MeetShoppers;
			productReference = 7B13FB04204906B80046D4D8 /* MeetShoppers.app */;
			productType = "com.apple.product-type.application";
		};
		7B13FB17204906B80046D4D8 /* MeetShoppersTests */ = {
			isa = PBXNativeTarget;
			buildConfigurationList = 7B13FB2F204906B80046D4D8 /* Build configuration list for PBXNativeTarget "MeetShoppersTests" */;
			buildPhases = (
				92A8CAF7BC221A66073453A4 /* [CP] Check Pods Manifest.lock */,
				7B13FB14204906B80046D4D8 /* Sources */,
				7B13FB15204906B80046D4D8 /* Frameworks */,
				7B13FB16204906B80046D4D8 /* Resources */,
				0B62F4423850E25BBC18C97D /* [CP] Embed Pods Frameworks */,
				4AD3469ABE8BBB6F17D868D1 /* [CP] Copy Pods Resources */,
			);
			buildRules = (
			);
			dependencies = (
				7B13FB1A204906B80046D4D8 /* PBXTargetDependency */,
			);
			name = MeetShoppersTests;
			productName = MeetShoppersTests;
			productReference = 7B13FB18204906B80046D4D8 /* MeetShoppersTests.xctest */;
			productType = "com.apple.product-type.bundle.unit-test";
		};
		7B13FB22204906B80046D4D8 /* MeetShoppersUITests */ = {
			isa = PBXNativeTarget;
			buildConfigurationList = 7B13FB32204906B80046D4D8 /* Build configuration list for PBXNativeTarget "MeetShoppersUITests" */;
			buildPhases = (
				740F83C4A52489E313D351DA /* [CP] Check Pods Manifest.lock */,
				7B13FB1F204906B80046D4D8 /* Sources */,
				7B13FB20204906B80046D4D8 /* Frameworks */,
				7B13FB21204906B80046D4D8 /* Resources */,
				07EC0A18C33F5BD7085280DE /* [CP] Embed Pods Frameworks */,
				6E0F7D5FA883EBC7E4BBE332 /* [CP] Copy Pods Resources */,
			);
			buildRules = (
			);
			dependencies = (
				7B13FB25204906B80046D4D8 /* PBXTargetDependency */,
			);
			name = MeetShoppersUITests;
			productName = MeetShoppersUITests;
			productReference = 7B13FB23204906B80046D4D8 /* MeetShoppersUITests.xctest */;
			productType = "com.apple.product-type.bundle.ui-testing";
		};
/* End PBXNativeTarget section */

/* Begin PBXProject section */
		7B13FAFC204906B80046D4D8 /* Project object */ = {
			isa = PBXProject;
			attributes = {
				LastSwiftUpdateCheck = 0920;
				LastUpgradeCheck = 0920;
				ORGANIZATIONNAME = KevinVuNguyen;
				TargetAttributes = {
					7B13FB03204906B80046D4D8 = {
						CreatedOnToolsVersion = 9.2;
						ProvisioningStyle = Automatic;
					};
					7B13FB17204906B80046D4D8 = {
						CreatedOnToolsVersion = 9.2;
						ProvisioningStyle = Automatic;
						TestTargetID = 7B13FB03204906B80046D4D8;
					};
					7B13FB22204906B80046D4D8 = {
						CreatedOnToolsVersion = 9.2;
						ProvisioningStyle = Automatic;
						TestTargetID = 7B13FB03204906B80046D4D8;
					};
				};
			};
			buildConfigurationList = 7B13FAFF204906B80046D4D8 /* Build configuration list for PBXProject "MeetShoppers" */;
			compatibilityVersion = "Xcode 8.0";
			developmentRegion = en;
			hasScannedForEncodings = 0;
			knownRegions = (
				en,
				Base,
			);
			mainGroup = 7B13FAFB204906B80046D4D8;
			productRefGroup = 7B13FB05204906B80046D4D8 /* Products */;
			projectDirPath = "";
			projectRoot = "";
			targets = (
				7B13FB03204906B80046D4D8 /* MeetShoppers */,
				7B13FB17204906B80046D4D8 /* MeetShoppersTests */,
				7B13FB22204906B80046D4D8 /* MeetShoppersUITests */,
			);
		};
/* End PBXProject section */

/* Begin PBXResourcesBuildPhase section */
		7B13FB02204906B80046D4D8 /* Resources */ = {
			isa = PBXResourcesBuildPhase;
			buildActionMask = 2147483647;
			files = (
				7B13FB12204906B80046D4D8 /* LaunchScreen.storyboard in Resources */,
				BF992F0F20792C3200828AB1 /* GoogleService-Info.plist in Resources */,
				7B13FB0F204906B80046D4D8 /* Assets.xcassets in Resources */,
				7B13FB0D204906B80046D4D8 /* Main.storyboard in Resources */,
			);
			runOnlyForDeploymentPostprocessing = 0;
		};
		7B13FB16204906B80046D4D8 /* Resources */ = {
			isa = PBXResourcesBuildPhase;
			buildActionMask = 2147483647;
			files = (
				BF992F1020792C3200828AB1 /* GoogleService-Info.plist in Resources */,
			);
			runOnlyForDeploymentPostprocessing = 0;
		};
		7B13FB21204906B80046D4D8 /* Resources */ = {
			isa = PBXResourcesBuildPhase;
			buildActionMask = 2147483647;
			files = (
				BF992F1120792C3200828AB1 /* GoogleService-Info.plist in Resources */,
			);
			runOnlyForDeploymentPostprocessing = 0;
		};
/* End PBXResourcesBuildPhase section */

/* Begin PBXShellScriptBuildPhase section */
		07EC0A18C33F5BD7085280DE /* [CP] Embed Pods Frameworks */ = {
			isa = PBXShellScriptBuildPhase;
			buildActionMask = 2147483647;
			files = (
			);
			inputPaths = (
			);
			name = "[CP] Embed Pods Frameworks";
			outputPaths = (
			);
			runOnlyForDeploymentPostprocessing = 0;
			shellPath = /bin/sh;
			shellScript = "\"${SRCROOT}/Pods/Target Support Files/Pods-MeetShoppersUITests/Pods-MeetShoppersUITests-frameworks.sh\"\n";
			showEnvVarsInLog = 0;
		};
		0B62F4423850E25BBC18C97D /* [CP] Embed Pods Frameworks */ = {
			isa = PBXShellScriptBuildPhase;
			buildActionMask = 2147483647;
			files = (
			);
			inputPaths = (
			);
			name = "[CP] Embed Pods Frameworks";
			outputPaths = (
			);
			runOnlyForDeploymentPostprocessing = 0;
			shellPath = /bin/sh;
			shellScript = "\"${SRCROOT}/Pods/Target Support Files/Pods-MeetShoppersTests/Pods-MeetShoppersTests-frameworks.sh\"\n";
			showEnvVarsInLog = 0;
		};
		243697CDC57EBC38BD6A0A2B /* [CP] Embed Pods Frameworks */ = {
			isa = PBXShellScriptBuildPhase;
			buildActionMask = 2147483647;
			files = (
			);
			inputPaths = (
				"${SRCROOT}/Pods/Target Support Files/Pods-MeetShoppers/Pods-MeetShoppers-frameworks.sh",
				"${BUILT_PRODUCTS_DIR}/Alamofire/Alamofire.framework",
				"${BUILT_PRODUCTS_DIR}/AlamofireImage/AlamofireImage.framework",
				"${BUILT_PRODUCTS_DIR}/AlamofireObjectMapper/AlamofireObjectMapper.framework",
				"${BUILT_PRODUCTS_DIR}/GTMSessionFetcher/GTMSessionFetcher.framework",
				"${BUILT_PRODUCTS_DIR}/GoogleToolboxForMac/GoogleToolboxForMac.framework",
				"${BUILT_PRODUCTS_DIR}/ObjectMapper/ObjectMapper.framework",
				"${BUILT_PRODUCTS_DIR}/SwiftyJSON/SwiftyJSON.framework",
				"${BUILT_PRODUCTS_DIR}/leveldb-library/leveldb.framework",
				"${BUILT_PRODUCTS_DIR}/nanopb/nanopb.framework",
			);
			name = "[CP] Embed Pods Frameworks";
			outputPaths = (
				"${TARGET_BUILD_DIR}/${FRAMEWORKS_FOLDER_PATH}/Alamofire.framework",
				"${TARGET_BUILD_DIR}/${FRAMEWORKS_FOLDER_PATH}/AlamofireImage.framework",
				"${TARGET_BUILD_DIR}/${FRAMEWORKS_FOLDER_PATH}/AlamofireObjectMapper.framework",
				"${TARGET_BUILD_DIR}/${FRAMEWORKS_FOLDER_PATH}/GTMSessionFetcher.framework",
				"${TARGET_BUILD_DIR}/${FRAMEWORKS_FOLDER_PATH}/GoogleToolboxForMac.framework",
				"${TARGET_BUILD_DIR}/${FRAMEWORKS_FOLDER_PATH}/ObjectMapper.framework",
				"${TARGET_BUILD_DIR}/${FRAMEWORKS_FOLDER_PATH}/SwiftyJSON.framework",
				"${TARGET_BUILD_DIR}/${FRAMEWORKS_FOLDER_PATH}/leveldb.framework",
				"${TARGET_BUILD_DIR}/${FRAMEWORKS_FOLDER_PATH}/nanopb.framework",
			);
			runOnlyForDeploymentPostprocessing = 0;
			shellPath = /bin/sh;
			shellScript = "\"${SRCROOT}/Pods/Target Support Files/Pods-MeetShoppers/Pods-MeetShoppers-frameworks.sh\"\n";
			showEnvVarsInLog = 0;
		};
		4AD3469ABE8BBB6F17D868D1 /* [CP] Copy Pods Resources */ = {
			isa = PBXShellScriptBuildPhase;
			buildActionMask = 2147483647;
			files = (
			);
			inputPaths = (
			);
			name = "[CP] Copy Pods Resources";
			outputPaths = (
			);
			runOnlyForDeploymentPostprocessing = 0;
			shellPath = /bin/sh;
			shellScript = "\"${SRCROOT}/Pods/Target Support Files/Pods-MeetShoppersTests/Pods-MeetShoppersTests-resources.sh\"\n";
			showEnvVarsInLog = 0;
		};
		6E0F7D5FA883EBC7E4BBE332 /* [CP] Copy Pods Resources */ = {
			isa = PBXShellScriptBuildPhase;
			buildActionMask = 2147483647;
			files = (
			);
			inputPaths = (
			);
			name = "[CP] Copy Pods Resources";
			outputPaths = (
			);
			runOnlyForDeploymentPostprocessing = 0;
			shellPath = /bin/sh;
			shellScript = "\"${SRCROOT}/Pods/Target Support Files/Pods-MeetShoppersUITests/Pods-MeetShoppersUITests-resources.sh\"\n";
			showEnvVarsInLog = 0;
		};
		740F83C4A52489E313D351DA /* [CP] Check Pods Manifest.lock */ = {
			isa = PBXShellScriptBuildPhase;
			buildActionMask = 2147483647;
			files = (
			);
			inputPaths = (
				"${PODS_PODFILE_DIR_PATH}/Podfile.lock",
				"${PODS_ROOT}/Manifest.lock",
			);
			name = "[CP] Check Pods Manifest.lock";
			outputPaths = (
				"$(DERIVED_FILE_DIR)/Pods-MeetShoppersUITests-checkManifestLockResult.txt",
			);
			runOnlyForDeploymentPostprocessing = 0;
			shellPath = /bin/sh;
			shellScript = "diff \"${PODS_PODFILE_DIR_PATH}/Podfile.lock\" \"${PODS_ROOT}/Manifest.lock\" > /dev/null\nif [ $? != 0 ] ; then\n    # print error to STDERR\n    echo \"error: The sandbox is not in sync with the Podfile.lock. Run 'pod install' or update your CocoaPods installation.\" >&2\n    exit 1\nfi\n# This output is used by Xcode 'outputs' to avoid re-running this script phase.\necho \"SUCCESS\" > \"${SCRIPT_OUTPUT_FILE_0}\"\n";
			showEnvVarsInLog = 0;
		};
		7DEA65ADB1A3AE598CDEF29F /* [CP] Check Pods Manifest.lock */ = {
			isa = PBXShellScriptBuildPhase;
			buildActionMask = 2147483647;
			files = (
			);
			inputPaths = (
				"${PODS_PODFILE_DIR_PATH}/Podfile.lock",
				"${PODS_ROOT}/Manifest.lock",
			);
			name = "[CP] Check Pods Manifest.lock";
			outputPaths = (
				"$(DERIVED_FILE_DIR)/Pods-MeetShoppers-checkManifestLockResult.txt",
			);
			runOnlyForDeploymentPostprocessing = 0;
			shellPath = /bin/sh;
			shellScript = "diff \"${PODS_PODFILE_DIR_PATH}/Podfile.lock\" \"${PODS_ROOT}/Manifest.lock\" > /dev/null\nif [ $? != 0 ] ; then\n    # print error to STDERR\n    echo \"error: The sandbox is not in sync with the Podfile.lock. Run 'pod install' or update your CocoaPods installation.\" >&2\n    exit 1\nfi\n# This output is used by Xcode 'outputs' to avoid re-running this script phase.\necho \"SUCCESS\" > \"${SCRIPT_OUTPUT_FILE_0}\"\n";
			showEnvVarsInLog = 0;
		};
		89A9C3FC2FDB38A787CC6596 /* [CP] Copy Pods Resources */ = {
			isa = PBXShellScriptBuildPhase;
			buildActionMask = 2147483647;
			files = (
			);
			inputPaths = (
			);
			name = "[CP] Copy Pods Resources";
			outputPaths = (
			);
			runOnlyForDeploymentPostprocessing = 0;
			shellPath = /bin/sh;
			shellScript = "\"${SRCROOT}/Pods/Target Support Files/Pods-MeetShoppers/Pods-MeetShoppers-resources.sh\"\n";
			showEnvVarsInLog = 0;
		};
		92A8CAF7BC221A66073453A4 /* [CP] Check Pods Manifest.lock */ = {
			isa = PBXShellScriptBuildPhase;
			buildActionMask = 2147483647;
			files = (
			);
			inputPaths = (
				"${PODS_PODFILE_DIR_PATH}/Podfile.lock",
				"${PODS_ROOT}/Manifest.lock",
			);
			name = "[CP] Check Pods Manifest.lock";
			outputPaths = (
				"$(DERIVED_FILE_DIR)/Pods-MeetShoppersTests-checkManifestLockResult.txt",
			);
			runOnlyForDeploymentPostprocessing = 0;
			shellPath = /bin/sh;
			shellScript = "diff \"${PODS_PODFILE_DIR_PATH}/Podfile.lock\" \"${PODS_ROOT}/Manifest.lock\" > /dev/null\nif [ $? != 0 ] ; then\n    # print error to STDERR\n    echo \"error: The sandbox is not in sync with the Podfile.lock. Run 'pod install' or update your CocoaPods installation.\" >&2\n    exit 1\nfi\n# This output is used by Xcode 'outputs' to avoid re-running this script phase.\necho \"SUCCESS\" > \"${SCRIPT_OUTPUT_FILE_0}\"\n";
			showEnvVarsInLog = 0;
		};
/* End PBXShellScriptBuildPhase section */

/* Begin PBXSourcesBuildPhase section */
		7B13FB00204906B80046D4D8 /* Sources */ = {
			isa = PBXSourcesBuildPhase;
			buildActionMask = 2147483647;
			files = (
				7B13FB08204906B80046D4D8 /* AppDelegate.swift in Sources */,
				BF1878DF207FFB0E00D97F9B /* YelpAPIClient.swift in Sources */,
				BF56E9D12077BDA000D89184 /* WelcomeViewController.swift in Sources */,
				BF56E9D52077CB0300D89184 /* SignupViewController.swift in Sources */,
				BF1878E3208125B300D97F9B /* User.swift in Sources */,
				BF18790F2082AC9000D97F9B /* BusinessCell.swift in Sources */,
				BF56E9DB2077E3B200D89184 /* BottomBorderedTextField.swift in Sources */,
				BF1878E72081298700D97F9B /* MainViewController.swift in Sources */,
				BF56E9D92077DEB800D89184 /* ColorHexable.swift in Sources */,
				BF18790D20829B8C00D97F9B /* Business.swift in Sources */,
				BF56E9D32077CAF600D89184 /* SigninViewController.swift in Sources */,
				BF1879092082725D00D97F9B /* YelpAPIRouter.swift in Sources */,
			);
			runOnlyForDeploymentPostprocessing = 0;
		};
		7B13FB14204906B80046D4D8 /* Sources */ = {
			isa = PBXSourcesBuildPhase;
			buildActionMask = 2147483647;
			files = (
				7B13FB1D204906B80046D4D8 /* MeetShoppersTests.swift in Sources */,
			);
			runOnlyForDeploymentPostprocessing = 0;
		};
		7B13FB1F204906B80046D4D8 /* Sources */ = {
			isa = PBXSourcesBuildPhase;
			buildActionMask = 2147483647;
			files = (
				7B13FB28204906B80046D4D8 /* MeetShoppersUITests.swift in Sources */,
			);
			runOnlyForDeploymentPostprocessing = 0;
		};
/* End PBXSourcesBuildPhase section */

/* Begin PBXTargetDependency section */
		7B13FB1A204906B80046D4D8 /* PBXTargetDependency */ = {
			isa = PBXTargetDependency;
			target = 7B13FB03204906B80046D4D8 /* MeetShoppers */;
			targetProxy = 7B13FB19204906B80046D4D8 /* PBXContainerItemProxy */;
		};
		7B13FB25204906B80046D4D8 /* PBXTargetDependency */ = {
			isa = PBXTargetDependency;
			target = 7B13FB03204906B80046D4D8 /* MeetShoppers */;
			targetProxy = 7B13FB24204906B80046D4D8 /* PBXContainerItemProxy */;
		};
/* End PBXTargetDependency section */

/* Begin PBXVariantGroup section */
		7B13FB0B204906B80046D4D8 /* Main.storyboard */ = {
			isa = PBXVariantGroup;
			children = (
				7B13FB0C204906B80046D4D8 /* Base */,
			);
			name = Main.storyboard;
			sourceTree = "<group>";
		};
		7B13FB10204906B80046D4D8 /* LaunchScreen.storyboard */ = {
			isa = PBXVariantGroup;
			children = (
				7B13FB11204906B80046D4D8 /* Base */,
			);
			name = LaunchScreen.storyboard;
			sourceTree = "<group>";
		};
/* End PBXVariantGroup section */

/* Begin XCBuildConfiguration section */
		7B13FB2A204906B80046D4D8 /* Debug */ = {
			isa = XCBuildConfiguration;
			buildSettings = {
				ALWAYS_SEARCH_USER_PATHS = NO;
				CLANG_ANALYZER_NONNULL = YES;
				CLANG_ANALYZER_NUMBER_OBJECT_CONVERSION = YES_AGGRESSIVE;
				CLANG_CXX_LANGUAGE_STANDARD = "gnu++14";
				CLANG_CXX_LIBRARY = "libc++";
				CLANG_ENABLE_MODULES = YES;
				CLANG_ENABLE_OBJC_ARC = YES;
				CLANG_WARN_BLOCK_CAPTURE_AUTORELEASING = YES;
				CLANG_WARN_BOOL_CONVERSION = YES;
				CLANG_WARN_COMMA = YES;
				CLANG_WARN_CONSTANT_CONVERSION = YES;
				CLANG_WARN_DIRECT_OBJC_ISA_USAGE = YES_ERROR;
				CLANG_WARN_DOCUMENTATION_COMMENTS = YES;
				CLANG_WARN_EMPTY_BODY = YES;
				CLANG_WARN_ENUM_CONVERSION = YES;
				CLANG_WARN_INFINITE_RECURSION = YES;
				CLANG_WARN_INT_CONVERSION = YES;
				CLANG_WARN_NON_LITERAL_NULL_CONVERSION = YES;
				CLANG_WARN_OBJC_LITERAL_CONVERSION = YES;
				CLANG_WARN_OBJC_ROOT_CLASS = YES_ERROR;
				CLANG_WARN_RANGE_LOOP_ANALYSIS = YES;
				CLANG_WARN_STRICT_PROTOTYPES = YES;
				CLANG_WARN_SUSPICIOUS_MOVE = YES;
				CLANG_WARN_UNGUARDED_AVAILABILITY = YES_AGGRESSIVE;
				CLANG_WARN_UNREACHABLE_CODE = YES;
				CLANG_WARN__DUPLICATE_METHOD_MATCH = YES;
				CODE_SIGN_IDENTITY = "iPhone Developer";
				COPY_PHASE_STRIP = NO;
				DEBUG_INFORMATION_FORMAT = dwarf;
				ENABLE_STRICT_OBJC_MSGSEND = YES;
				ENABLE_TESTABILITY = YES;
				GCC_C_LANGUAGE_STANDARD = gnu11;
				GCC_DYNAMIC_NO_PIC = NO;
				GCC_NO_COMMON_BLOCKS = YES;
				GCC_OPTIMIZATION_LEVEL = 0;
				GCC_PREPROCESSOR_DEFINITIONS = (
					"DEBUG=1",
					"$(inherited)",
				);
				GCC_WARN_64_TO_32_BIT_CONVERSION = YES;
				GCC_WARN_ABOUT_RETURN_TYPE = YES_ERROR;
				GCC_WARN_UNDECLARED_SELECTOR = YES;
				GCC_WARN_UNINITIALIZED_AUTOS = YES_AGGRESSIVE;
				GCC_WARN_UNUSED_FUNCTION = YES;
				GCC_WARN_UNUSED_VARIABLE = YES;
				IPHONEOS_DEPLOYMENT_TARGET = 11.2;
				MTL_ENABLE_DEBUG_INFO = YES;
				ONLY_ACTIVE_ARCH = YES;
				SDKROOT = iphoneos;
				SWIFT_ACTIVE_COMPILATION_CONDITIONS = DEBUG;
				SWIFT_OPTIMIZATION_LEVEL = "-Onone";
			};
			name = Debug;
		};
		7B13FB2B204906B80046D4D8 /* Release */ = {
			isa = XCBuildConfiguration;
			buildSettings = {
				ALWAYS_SEARCH_USER_PATHS = NO;
				CLANG_ANALYZER_NONNULL = YES;
				CLANG_ANALYZER_NUMBER_OBJECT_CONVERSION = YES_AGGRESSIVE;
				CLANG_CXX_LANGUAGE_STANDARD = "gnu++14";
				CLANG_CXX_LIBRARY = "libc++";
				CLANG_ENABLE_MODULES = YES;
				CLANG_ENABLE_OBJC_ARC = YES;
				CLANG_WARN_BLOCK_CAPTURE_AUTORELEASING = YES;
				CLANG_WARN_BOOL_CONVERSION = YES;
				CLANG_WARN_COMMA = YES;
				CLANG_WARN_CONSTANT_CONVERSION = YES;
				CLANG_WARN_DIRECT_OBJC_ISA_USAGE = YES_ERROR;
				CLANG_WARN_DOCUMENTATION_COMMENTS = YES;
				CLANG_WARN_EMPTY_BODY = YES;
				CLANG_WARN_ENUM_CONVERSION = YES;
				CLANG_WARN_INFINITE_RECURSION = YES;
				CLANG_WARN_INT_CONVERSION = YES;
				CLANG_WARN_NON_LITERAL_NULL_CONVERSION = YES;
				CLANG_WARN_OBJC_LITERAL_CONVERSION = YES;
				CLANG_WARN_OBJC_ROOT_CLASS = YES_ERROR;
				CLANG_WARN_RANGE_LOOP_ANALYSIS = YES;
				CLANG_WARN_STRICT_PROTOTYPES = YES;
				CLANG_WARN_SUSPICIOUS_MOVE = YES;
				CLANG_WARN_UNGUARDED_AVAILABILITY = YES_AGGRESSIVE;
				CLANG_WARN_UNREACHABLE_CODE = YES;
				CLANG_WARN__DUPLICATE_METHOD_MATCH = YES;
				CODE_SIGN_IDENTITY = "iPhone Developer";
				COPY_PHASE_STRIP = NO;
				DEBUG_INFORMATION_FORMAT = "dwarf-with-dsym";
				ENABLE_NS_ASSERTIONS = NO;
				ENABLE_STRICT_OBJC_MSGSEND = YES;
				GCC_C_LANGUAGE_STANDARD = gnu11;
				GCC_NO_COMMON_BLOCKS = YES;
				GCC_WARN_64_TO_32_BIT_CONVERSION = YES;
				GCC_WARN_ABOUT_RETURN_TYPE = YES_ERROR;
				GCC_WARN_UNDECLARED_SELECTOR = YES;
				GCC_WARN_UNINITIALIZED_AUTOS = YES_AGGRESSIVE;
				GCC_WARN_UNUSED_FUNCTION = YES;
				GCC_WARN_UNUSED_VARIABLE = YES;
				IPHONEOS_DEPLOYMENT_TARGET = 11.2;
				MTL_ENABLE_DEBUG_INFO = NO;
				SDKROOT = iphoneos;
				SWIFT_OPTIMIZATION_LEVEL = "-Owholemodule";
				VALIDATE_PRODUCT = YES;
			};
			name = Release;
		};
		7B13FB2D204906B80046D4D8 /* Debug */ = {
			isa = XCBuildConfiguration;
			baseConfigurationReference = 7CDF15091F0006D86C2F68A0 /* Pods-MeetShoppers.debug.xcconfig */;
			buildSettings = {
				ASSETCATALOG_COMPILER_APPICON_NAME = AppIcon;
				CODE_SIGN_STYLE = Automatic;
				DEVELOPMENT_TEAM = 2Y5XUSGWXK;
				INFOPLIST_FILE = MeetShoppers/Info.plist;
				LD_RUNPATH_SEARCH_PATHS = "$(inherited) @executable_path/Frameworks";
				PRODUCT_BUNDLE_IDENTIFIER = com.kinmnalui.shopmeet;
				PRODUCT_NAME = "$(TARGET_NAME)";
				SWIFT_VERSION = 4.0;
				TARGETED_DEVICE_FAMILY = "1,2";
			};
			name = Debug;
		};
		7B13FB2E204906B80046D4D8 /* Release */ = {
			isa = XCBuildConfiguration;
			baseConfigurationReference = D3154FDBCE430EF545FDFE22 /* Pods-MeetShoppers.release.xcconfig */;
			buildSettings = {
				ASSETCATALOG_COMPILER_APPICON_NAME = AppIcon;
				CODE_SIGN_STYLE = Automatic;
				DEVELOPMENT_TEAM = 2Y5XUSGWXK;
				INFOPLIST_FILE = MeetShoppers/Info.plist;
				LD_RUNPATH_SEARCH_PATHS = "$(inherited) @executable_path/Frameworks";
				PRODUCT_BUNDLE_IDENTIFIER = com.kinmnalui.shopmeet;
				PRODUCT_NAME = "$(TARGET_NAME)";
				SWIFT_VERSION = 4.0;
				TARGETED_DEVICE_FAMILY = "1,2";
			};
			name = Release;
		};
		7B13FB30204906B80046D4D8 /* Debug */ = {
			isa = XCBuildConfiguration;
			baseConfigurationReference = CECE193B5CAB097E9E615006 /* Pods-MeetShoppersTests.debug.xcconfig */;
			buildSettings = {
				ALWAYS_EMBED_SWIFT_STANDARD_LIBRARIES = YES;
				BUNDLE_LOADER = "$(TEST_HOST)";
				CODE_SIGN_STYLE = Automatic;
				DEVELOPMENT_TEAM = DJGXAZ7LPD;
				INFOPLIST_FILE = MeetShoppersTests/Info.plist;
				LD_RUNPATH_SEARCH_PATHS = "$(inherited) @executable_path/Frameworks @loader_path/Frameworks";
				PRODUCT_BUNDLE_IDENTIFIER = com.UCSD.MeetShoppersTests;
				PRODUCT_NAME = "$(TARGET_NAME)";
				SWIFT_VERSION = 4.0;
				TARGETED_DEVICE_FAMILY = "1,2";
				TEST_HOST = "$(BUILT_PRODUCTS_DIR)/MeetShoppers.app/MeetShoppers";
			};
			name = Debug;
		};
		7B13FB31204906B80046D4D8 /* Release */ = {
			isa = XCBuildConfiguration;
			baseConfigurationReference = 63960FBD96EACB4FDD07FE0E /* Pods-MeetShoppersTests.release.xcconfig */;
			buildSettings = {
				ALWAYS_EMBED_SWIFT_STANDARD_LIBRARIES = YES;
				BUNDLE_LOADER = "$(TEST_HOST)";
				CODE_SIGN_STYLE = Automatic;
				DEVELOPMENT_TEAM = DJGXAZ7LPD;
				INFOPLIST_FILE = MeetShoppersTests/Info.plist;
				LD_RUNPATH_SEARCH_PATHS = "$(inherited) @executable_path/Frameworks @loader_path/Frameworks";
				PRODUCT_BUNDLE_IDENTIFIER = com.UCSD.MeetShoppersTests;
				PRODUCT_NAME = "$(TARGET_NAME)";
				SWIFT_VERSION = 4.0;
				TARGETED_DEVICE_FAMILY = "1,2";
				TEST_HOST = "$(BUILT_PRODUCTS_DIR)/MeetShoppers.app/MeetShoppers";
			};
			name = Release;
		};
		7B13FB33204906B80046D4D8 /* Debug */ = {
			isa = XCBuildConfiguration;
			baseConfigurationReference = 4BCD68FB538D4BC0466FF9BC /* Pods-MeetShoppersUITests.debug.xcconfig */;
			buildSettings = {
				ALWAYS_EMBED_SWIFT_STANDARD_LIBRARIES = YES;
				CODE_SIGN_STYLE = Automatic;
				DEVELOPMENT_TEAM = DJGXAZ7LPD;
				INFOPLIST_FILE = MeetShoppersUITests/Info.plist;
				LD_RUNPATH_SEARCH_PATHS = "$(inherited) @executable_path/Frameworks @loader_path/Frameworks";
				PRODUCT_BUNDLE_IDENTIFIER = com.UCSD.MeetShoppersUITests;
				PRODUCT_NAME = "$(TARGET_NAME)";
				SWIFT_VERSION = 4.0;
				TARGETED_DEVICE_FAMILY = "1,2";
				TEST_TARGET_NAME = MeetShoppers;
			};
			name = Debug;
		};
		7B13FB34204906B80046D4D8 /* Release */ = {
			isa = XCBuildConfiguration;
			baseConfigurationReference = 70CB7C23D68D3F3613DB04A2 /* Pods-MeetShoppersUITests.release.xcconfig */;
			buildSettings = {
				ALWAYS_EMBED_SWIFT_STANDARD_LIBRARIES = YES;
				CODE_SIGN_STYLE = Automatic;
				DEVELOPMENT_TEAM = DJGXAZ7LPD;
				INFOPLIST_FILE = MeetShoppersUITests/Info.plist;
				LD_RUNPATH_SEARCH_PATHS = "$(inherited) @executable_path/Frameworks @loader_path/Frameworks";
				PRODUCT_BUNDLE_IDENTIFIER = com.UCSD.MeetShoppersUITests;
				PRODUCT_NAME = "$(TARGET_NAME)";
				SWIFT_VERSION = 4.0;
				TARGETED_DEVICE_FAMILY = "1,2";
				TEST_TARGET_NAME = MeetShoppers;
			};
			name = Release;
		};
/* End XCBuildConfiguration section */

/* Begin XCConfigurationList section */
		7B13FAFF204906B80046D4D8 /* Build configuration list for PBXProject "MeetShoppers" */ = {
			isa = XCConfigurationList;
			buildConfigurations = (
				7B13FB2A204906B80046D4D8 /* Debug */,
				7B13FB2B204906B80046D4D8 /* Release */,
			);
			defaultConfigurationIsVisible = 0;
			defaultConfigurationName = Release;
		};
		7B13FB2C204906B80046D4D8 /* Build configuration list for PBXNativeTarget "MeetShoppers" */ = {
			isa = XCConfigurationList;
			buildConfigurations = (
				7B13FB2D204906B80046D4D8 /* Debug */,
				7B13FB2E204906B80046D4D8 /* Release */,
			);
			defaultConfigurationIsVisible = 0;
			defaultConfigurationName = Release;
		};
		7B13FB2F204906B80046D4D8 /* Build configuration list for PBXNativeTarget "MeetShoppersTests" */ = {
			isa = XCConfigurationList;
			buildConfigurations = (
				7B13FB30204906B80046D4D8 /* Debug */,
				7B13FB31204906B80046D4D8 /* Release */,
			);
			defaultConfigurationIsVisible = 0;
			defaultConfigurationName = Release;
		};
		7B13FB32204906B80046D4D8 /* Build configuration list for PBXNativeTarget "MeetShoppersUITests" */ = {
			isa = XCConfigurationList;
			buildConfigurations = (
				7B13FB33204906B80046D4D8 /* Debug */,
				7B13FB34204906B80046D4D8 /* Release */,
			);
			defaultConfigurationIsVisible = 0;
			defaultConfigurationName = Release;
		};
/* End XCConfigurationList section */
	};
	rootObject = 7B13FAFC204906B80046D4D8 /* Project object */;
}
